// !$*UTF8*$!
{
	archiveVersion = 1;
	classes = {
	};
	objectVersion = 77;
	objects = {

/* Begin PBXBuildFile section */
		00D7E4FBDAEA263F5B1DC745 /* RemindersPermissionStatusReconciliationTests.swift in Sources */ = {isa = PBXBuildFile; fileRef = 1F7F3698A6C4B83BE5E94F35 /* RemindersPermissionStatusReconciliationTests.swift */; };
		0515F5EF57B616CCDCB79C16 /* EventKitProviderCreateValidationTests.swift in Sources */ = {isa = PBXBuildFile; fileRef = 828BF65E947F980064F26AAA /* EventKitProviderCreateValidationTests.swift */; };
		0697F960B91CDBE3A38D4F06 /* KeychainService.swift in Sources */ = {isa = PBXBuildFile; fileRef = D2AF683581041C37901C5610 /* KeychainService.swift */; };
		070C660957D06D347B3ED12C /* EventKitProviderTentativeInvitationValidationTests.swift in Sources */ = {isa = PBXBuildFile; fileRef = FC97BDFF38A3E96C7D394697 /* EventKitProviderTentativeInvitationValidationTests.swift */; };
		0742CAA27E3D55663E694ACF /* EventKitProviderTentativeInvitation.swift in Sources */ = {isa = PBXBuildFile; fileRef = A43691591D75809613F12854 /* EventKitProviderTentativeInvitation.swift */; };
		0855DC366B8B2B13BF0E4ED3 /* EventKitProviderSetReminderAlarms.swift in Sources */ = {isa = PBXBuildFile; fileRef = A02946BC8373CE8BE1CFA884 /* EventKitProviderSetReminderAlarms.swift */; };
		0A06099D02A8C125810E28FA /* EventKitProviderDeleteTests.swift in Sources */ = {isa = PBXBuildFile; fileRef = 04B331D45BCC4BD36027AFD5 /* EventKitProviderDeleteTests.swift */; };
		0BC5C5AF35904D5E489C9120 /* EventKitProviderUpdateCalendarTests.swift in Sources */ = {isa = PBXBuildFile; fileRef = 2DFB3FA8EB87511511E3F5E9 /* EventKitProviderUpdateCalendarTests.swift */; };
		0BD7CBFEBB80387242C0139A /* AppleProviderBridgeDeleteTests.swift in Sources */ = {isa = PBXBuildFile; fileRef = A38731056AA8C2298134E5C0 /* AppleProviderBridgeDeleteTests.swift */; };
		0D6D7BFF9BD7812A798E0C75 /* EventKitProviderUpdateEventTests.swift in Sources */ = {isa = PBXBuildFile; fileRef = 865CFF7F36678A7CF913AE3C /* EventKitProviderUpdateEventTests.swift */; };
		0FAFA18D86664E5D04AD8DBA /* EventKitProviderCreateCalendarTests.swift in Sources */ = {isa = PBXBuildFile; fileRef = 9DAD79CB0F0D15F4FB3AB40B /* EventKitProviderCreateCalendarTests.swift */; };
		0FF39115817D3F4FDA50D54F /* RemindersPermissionStatus.swift in Sources */ = {isa = PBXBuildFile; fileRef = 3621DF968442AD3C3562EFAC /* RemindersPermissionStatus.swift */; };
		12332B247B04594456E880CF /* EventKitProviderDeclineInvitationValidationTests.swift in Sources */ = {isa = PBXBuildFile; fileRef = AB88B3290D350846378161A8 /* EventKitProviderDeclineInvitationValidationTests.swift */; };
		14EEE63F84E039A033483CF5 /* StalledEventKitStore.swift in Sources */ = {isa = PBXBuildFile; fileRef = E6E8DA79BFB87C1E5EB17DE6 /* StalledEventKitStore.swift */; };
		166364FE12D879C775551542 /* MCPSettingsView.swift in Sources */ = {isa = PBXBuildFile; fileRef = D9E21358C562DC754EF1E627 /* MCPSettingsView.swift */; };
		16E629C5FE2EA7A09A14AB9B /* EventKitProviderUpdateValidationTests.swift in Sources */ = {isa = PBXBuildFile; fileRef = A474AA4DA74F6A5010AC742C /* EventKitProviderUpdateValidationTests.swift */; };
		18497060E6B40C9182D910FB /* EventKitProviderUpdateTests.swift in Sources */ = {isa = PBXBuildFile; fileRef = 66AEA197502DCE5D0A82066F /* EventKitProviderUpdateTests.swift */; };
		18AD72490E7332F8FD107D1E /* EventKitProviderMoveEventValidationTests.swift in Sources */ = {isa = PBXBuildFile; fileRef = 9E4AE1340128E20BBF808520 /* EventKitProviderMoveEventValidationTests.swift */; };
		18F58483DBF8A35A79732600 /* AppleProviderBridgeRecurrenceTests.swift in Sources */ = {isa = PBXBuildFile; fileRef = 50CE5059348156C983077237 /* AppleProviderBridgeRecurrenceTests.swift */; };
		19315F8529FAE60A222E4738 /* SettingsStoreUsageAuditTests.swift in Sources */ = {isa = PBXBuildFile; fileRef = 714829BCE2C74FD3E94FAE4A /* SettingsStoreUsageAuditTests.swift */; };
		1943BC5DE5E6DCEFF61B71BF /* EventKitProviderRecurrenceTests.swift in Sources */ = {isa = PBXBuildFile; fileRef = 16F4FA1F3DCDD6B82C566093 /* EventKitProviderRecurrenceTests.swift */; };
		1D62440B437C5B5D6DD2F200 /* apple_bridge_core.xcframework in Frameworks */ = {isa = PBXBuildFile; fileRef = F14ACC25EBB3AA6729012771 /* apple_bridge_core.xcframework */; };
		1E6CD3CB40F8C514854108E6 /* BlockingRemindersPermissionService.swift in Sources */ = {isa = PBXBuildFile; fileRef = 5E28A832B6850DD201DF12F8 /* BlockingRemindersPermissionService.swift */; };
		1F3E34D1AB56E22C02F699F7 /* EventKitProviderListEventsTests.swift in Sources */ = {isa = PBXBuildFile; fileRef = FC32956F161D827139DE8DEE /* EventKitProviderListEventsTests.swift */; };
		1F4BB55EF293A6A54AAE5138 /* RemindersPermissionStatusReconciliation.swift in Sources */ = {isa = PBXBuildFile; fileRef = 4C9DF95CA183051C14B3954E /* RemindersPermissionStatusReconciliation.swift */; };
		211C63E134B8A7F93CE38338 /* RemindersPermissionServiceTests.swift in Sources */ = {isa = PBXBuildFile; fileRef = 7B4D56A8BE9577545A4ACEF9 /* RemindersPermissionServiceTests.swift */; };
		2147E9DA5D4499B72B2E4628 /* EventKitProviderMoveEvent.swift in Sources */ = {isa = PBXBuildFile; fileRef = 7123568FF31477E464AF0185 /* EventKitProviderMoveEvent.swift */; };
		22A1A27010210BCA212E7589 /* MockRemindersPermissionService.swift in Sources */ = {isa = PBXBuildFile; fileRef = 63792628A5888C7C9A103AFA /* MockRemindersPermissionService.swift */; };
		2498F41A8DA71959BBD8576B /* EventKitProviderMove.swift in Sources */ = {isa = PBXBuildFile; fileRef = 76CF5BE2271C76FA3399537A /* EventKitProviderMove.swift */; };
		292F09FB931DE105D4B8E8DA /* EventKitProviderCreateListTests.swift in Sources */ = {isa = PBXBuildFile; fileRef = 1F0F8BA25F2C9E3CCF515773 /* EventKitProviderCreateListTests.swift */; };
		29743B323E2CABF519619B1E /* EventKitProviderAcceptInvitation.swift in Sources */ = {isa = PBXBuildFile; fileRef = 4C2A0117DFC05E6124FC81AF /* EventKitProviderAcceptInvitation.swift */; };
		2D2DB4C45C969B8B0AA10BAB /* EventKitProviderGetEventTests.swift in Sources */ = {isa = PBXBuildFile; fileRef = D6AA7BD4CD9EFDCFE5A909F8 /* EventKitProviderGetEventTests.swift */; };
		332F91499F2FF03A49F0D207 /* EventKitProviderUpdateEventValidationTests.swift in Sources */ = {isa = PBXBuildFile; fileRef = D102C3F21E2E6956E4E36E7C /* EventKitProviderUpdateEventValidationTests.swift */; };
		35D9BD56598AB3F89133F078 /* SMAppLaunchAtLoginService.swift in Sources */ = {isa = PBXBuildFile; fileRef = E7F5667783ACEA479011AB5F /* SMAppLaunchAtLoginService.swift */; };
		3BB438EA6EEC4146B49CC5B7 /* EventKitProviderDelete.swift in Sources */ = {isa = PBXBuildFile; fileRef = E38486672883F96441F42D87 /* EventKitProviderDelete.swift */; };
		3C276DF61BE311108068B3C9 /* EventKitProviderSetEventRecurrence.swift in Sources */ = {isa = PBXBuildFile; fileRef = 57E6819F262FD83E8907E9C9 /* EventKitProviderSetEventRecurrence.swift */; };
		3F8851FDC8D3A68CDE1A429E /* EventKitProviderListEvents.swift in Sources */ = {isa = PBXBuildFile; fileRef = ACFBEE0223231412B9E7B9ED /* EventKitProviderListEvents.swift */; };
		41E7D796EF24A3239CBCD1BA /* EventKitProviderCreateList.swift in Sources */ = {isa = PBXBuildFile; fileRef = 4BD928B033E86D4CD99874FD /* EventKitProviderCreateList.swift */; };
		42863111892B7945435D4B75 /* MenuBarPopoverView.swift in Sources */ = {isa = PBXBuildFile; fileRef = F44E65FBBCEB4E6825FCE03C /* MenuBarPopoverView.swift */; };
		443320E7C46B01BAAA95E468 /* AppleProviderBridge.swift in Sources */ = {isa = PBXBuildFile; fileRef = EC41FD68BF0BAD78C417BECE /* AppleProviderBridge.swift */; };
		47BE5793E0D566CCC6407996 /* EventKitInvitationResponse.swift in Sources */ = {isa = PBXBuildFile; fileRef = 8D68D6C14A028B9798D87748 /* EventKitInvitationResponse.swift */; };
		481046DDF735B66C25CAB542 /* EventKitProviderDeleteEventTests.swift in Sources */ = {isa = PBXBuildFile; fileRef = 4591092F08ED8B5524427429 /* EventKitProviderDeleteEventTests.swift */; };
		49E2A763FC1A92117FD7BFC6 /* EventKitProviderCompleteTests.swift in Sources */ = {isa = PBXBuildFile; fileRef = C1FE25708EAD3205C02EC1CE /* EventKitProviderCompleteTests.swift */; };
		4B3745DFD133DA91ABAAC1D6 /* EventKitProviderEventSerialization.swift in Sources */ = {isa = PBXBuildFile; fileRef = 5E5BE2975C32E84036198873 /* EventKitProviderEventSerialization.swift */; };
		4D75F2E2E6EBFD7A13843FA0 /* EventKitProviderMoveTests.swift in Sources */ = {isa = PBXBuildFile; fileRef = 73342D5073AEE45C4C353AA4 /* EventKitProviderMoveTests.swift */; };
		4D9E22B14A3EAACA6B189FFA /* AppSettingsTests.swift in Sources */ = {isa = PBXBuildFile; fileRef = A0E5B28D470673A0A4AA09CB /* AppSettingsTests.swift */; };
		50FD36AA7D5772E3FDA0B5B3 /* EventKitProviderEventAlarmsValidationTests.swift in Sources */ = {isa = PBXBuildFile; fileRef = E29DC5AC86A8F834C9C4375D /* EventKitProviderEventAlarmsValidationTests.swift */; };
		523F9C90B3E102ED79EB9EA9 /* SettingsStore.swift in Sources */ = {isa = PBXBuildFile; fileRef = 258AB58BDB3B042D0FF6E698 /* SettingsStore.swift */; };
		53EABF86C1DCF007638D2B07 /* EventKitProviderMutationRouting.swift in Sources */ = {isa = PBXBuildFile; fileRef = 5D04004128DAAE984C422462 /* EventKitProviderMutationRouting.swift */; };
		5594B53624BE7C557471BA22 /* EventKitProviderUpdateEvent.swift in Sources */ = {isa = PBXBuildFile; fileRef = 449918B5D20FD9DDA194BA73 /* EventKitProviderUpdateEvent.swift */; };
		57D5BC3F0EDD74FC82266967 /* BearerTokenStoreTests.swift in Sources */ = {isa = PBXBuildFile; fileRef = 168914F1F0FC6DAF5013D981 /* BearerTokenStoreTests.swift */; };
		580E79409C553EC530495DDB /* EventKitProviderCreateCalendar.swift in Sources */ = {isa = PBXBuildFile; fileRef = F63C4A36971DB8F9CADA7306 /* EventKitProviderCreateCalendar.swift */; };
		5BBE5DD0F85E3B370FACD2A8 /* MockServerService.swift in Sources */ = {isa = PBXBuildFile; fileRef = 0B39750CFA69109FBBE0899B /* MockServerService.swift */; };
		5C2C9DAFC9071F634A361538 /* EventKitProviderSetReminderRecurrence.swift in Sources */ = {isa = PBXBuildFile; fileRef = DC10922DFD9D5482C92FFF02 /* EventKitProviderSetReminderRecurrence.swift */; };
		5C432A6AE607A30E352C4192 /* KeychainServiceIntegrationTests.swift in Sources */ = {isa = PBXBuildFile; fileRef = 5EBBF81C3509780ADC778473 /* KeychainServiceIntegrationTests.swift */; };
		5E96C2ADAAD9666DEDFCC773 /* MockLaunchAtLoginService.swift in Sources */ = {isa = PBXBuildFile; fileRef = E224F208FD66F6E2AB39E184 /* MockLaunchAtLoginService.swift */; };
		6051BD7549D7FF560C068E9E /* MockURLOpener.swift in Sources */ = {isa = PBXBuildFile; fileRef = 86823620FB198FFCB3167A11 /* MockURLOpener.swift */; };
		60FD0A8FF20E78B4EB93D578 /* apple_bridge_core.swift in Sources */ = {isa = PBXBuildFile; fileRef = 02B065B605C800213EF61640 /* apple_bridge_core.swift */; };
		62A9A4C284EF8CD78CE46141 /* EventKitProviderDeleteValidationTests.swift in Sources */ = {isa = PBXBuildFile; fileRef = D2FF282259C0953C9A35EB77 /* EventKitProviderDeleteValidationTests.swift */; };
		633BE362CAC04A174381C363 /* MockEventKitStoreEvents.swift in Sources */ = {isa = PBXBuildFile; fileRef = FF82FBD77A790371CF51BC49 /* MockEventKitStoreEvents.swift */; };
		657F8AC7B0E5582CA6335754 /* SettingsStoreLaunchAtLoginTests.swift in Sources */ = {isa = PBXBuildFile; fileRef = F05C246209CCD36F08E9FF8A /* SettingsStoreLaunchAtLoginTests.swift */; };
		65F8730E6F95FE7B7F9D6BF0 /* RemindersPermissionStatusTests.swift in Sources */ = {isa = PBXBuildFile; fileRef = 0FFBE570B33CADFC64D6A7A3 /* RemindersPermissionStatusTests.swift */; };
		6751D2DA58C4FB2447A9B102 /* EventKitProviderReadRouting.swift in Sources */ = {isa = PBXBuildFile; fileRef = B52713D02646BCEE669428C9 /* EventKitProviderReadRouting.swift */; };
		695314C514070291FDE34E03 /* AppleBridgeApp.swift in Sources */ = {isa = PBXBuildFile; fileRef = 0E736EBC887B0A73475652F3 /* AppleBridgeApp.swift */; };
		6AF4A06F85BA91E93362CB59 /* EventKitProviderListCalendars.swift in Sources */ = {isa = PBXBuildFile; fileRef = D8D7FBE979E9882A8C8413E0 /* EventKitProviderListCalendars.swift */; };
		6FD9E013BEB7C5CD1B98DC1E /* ServerServing.swift in Sources */ = {isa = PBXBuildFile; fileRef = B34332B87B622ABB41D06752 /* ServerServing.swift */; };
		714D4E2C8A4606615A72C4AE /* PermissionsStoreTests.swift in Sources */ = {isa = PBXBuildFile; fileRef = 05D37BAEC8A9B5B70BE008DE /* PermissionsStoreTests.swift */; };
		725354290E07802343D37D31 /* EventKitProviderCreateEventTests.swift in Sources */ = {isa = PBXBuildFile; fileRef = 84179012D708333C3051B0DD /* EventKitProviderCreateEventTests.swift */; };
		74F7868D81D42B3DC5701F86 /* EventKitDeserialization.swift in Sources */ = {isa = PBXBuildFile; fileRef = A429EB5FE5384A20ECA19397 /* EventKitDeserialization.swift */; };
		751521436C6D5225CE6499A9 /* EventKitProviderDeleteList.swift in Sources */ = {isa = PBXBuildFile; fileRef = 14A6BD3A51BDB1798F29CD93 /* EventKitProviderDeleteList.swift */; };
		766427D159C784E02A57736A /* SettingsStoreCalendarCapabilitiesTests.swift in Sources */ = {isa = PBXBuildFile; fileRef = C95A9769548583CA2BD3F783 /* SettingsStoreCalendarCapabilitiesTests.swift */; };
		76B3E17D364672FA80673714 /* EventKitProviderCreateTests.swift in Sources */ = {isa = PBXBuildFile; fileRef = A6B1BF51F48B89CE4035DA11 /* EventKitProviderCreateTests.swift */; };
		7E515E6F1ECB4195A159B304 /* EventKitProviderTentativeInvitationTests.swift in Sources */ = {isa = PBXBuildFile; fileRef = 6466A5FC8E28C5BE7E18F19F /* EventKitProviderTentativeInvitationTests.swift */; };
		7F4495A64320571C6C3CC308 /* EventKitProviderDeleteCalendar.swift in Sources */ = {isa = PBXBuildFile; fileRef = 0AC4F47EEC19C9639CE04BFD /* EventKitProviderDeleteCalendar.swift */; };
		81BB3D04D0D4EFB8CDCEF963 /* EventKitProviderSearchEvents.swift in Sources */ = {isa = PBXBuildFile; fileRef = 3FC6C532EED545584294C1CC /* EventKitProviderSearchEvents.swift */; };
		85A3248CCBBBFCB5A5EBAFC1 /* EventKitProviderUpdateCalendar.swift in Sources */ = {isa = PBXBuildFile; fileRef = 5FFDE8B0F5C9F57E6A318079 /* EventKitProviderUpdateCalendar.swift */; };
		87962E31A738295AA4E9EC58 /* AppleProviderBridgeEventTests.swift in Sources */ = {isa = PBXBuildFile; fileRef = C040AB5B7D9582371C5B5FDA /* AppleProviderBridgeEventTests.swift */; };
		891B0C6B5072C0C698412478 /* ServerService.swift in Sources */ = {isa = PBXBuildFile; fileRef = 34F173AAC105177E71E9A236 /* ServerService.swift */; };
		8A919456F8A579AE70C1143E /* EventKitProviderSetEventAlarms.swift in Sources */ = {isa = PBXBuildFile; fileRef = A8619B82D0F51DDA20F931D9 /* EventKitProviderSetEventAlarms.swift */; };
		8F2E496FC5DFA996CF0A4AB5 /* EventKitDeserializationAlarms.swift in Sources */ = {isa = PBXBuildFile; fileRef = 8C810FA4ED893ADE6FF771DC /* EventKitDeserializationAlarms.swift */; };
		93A813E1503316FF142C1B8A /* LaunchAtLoginManaging.swift in Sources */ = {isa = PBXBuildFile; fileRef = A1CD2B4B95605CD09F6E7E83 /* LaunchAtLoginManaging.swift */; };
		93AC36DD535E2EFBE370F060 /* EventKitProviderDeleteListTests.swift in Sources */ = {isa = PBXBuildFile; fileRef = 8845608742FA7223A013EA89 /* EventKitProviderDeleteListTests.swift */; };
		946E8C9D3E412127B69C8AE9 /* AppleProviderBridgeListCalendarsTests.swift in Sources */ = {isa = PBXBuildFile; fileRef = 732F11CED2185A9CC3DDE300 /* AppleProviderBridgeListCalendarsTests.swift */; };
		96D65FF6E735083A83502209 /* EventKitProviderGetEvent.swift in Sources */ = {isa = PBXBuildFile; fileRef = ABA761A62E110F5AA0D9D852 /* EventKitProviderGetEvent.swift */; };
		96E3CF5D4BADF9D384DFEE46 /* EventsPermissionServiceTests.swift in Sources */ = {isa = PBXBuildFile; fileRef = 885CAED8B8050BBC816094D4 /* EventsPermissionServiceTests.swift */; };
		9949A7B8F7E877204D5EA257 /* EventKitProviderSearch.swift in Sources */ = {isa = PBXBuildFile; fileRef = 8EAAF998A648D316CBAFCF8D /* EventKitProviderSearch.swift */; };
		9981B1BC016CE52D2FD0C4BA /* EventKitProviderDeleteEvent.swift in Sources */ = {isa = PBXBuildFile; fileRef = FB687A7DAFC334F2F543BB5C /* EventKitProviderDeleteEvent.swift */; };
		9A16751A7CE45D7FE794A4DA /* EventKitProviderDeclineInvitationTests.swift in Sources */ = {isa = PBXBuildFile; fileRef = 9694E2FA2117F05B1BDD8C75 /* EventKitProviderDeclineInvitationTests.swift */; };
		9A4FBB19B2D1FD3D35609914 /* ServerRunState.swift in Sources */ = {isa = PBXBuildFile; fileRef = BDFB66A9507777E0046175CD /* ServerRunState.swift */; };
		9BD92CCD16EE90EEC938EF97 /* MockEventKitStore.swift in Sources */ = {isa = PBXBuildFile; fileRef = 97D1FABE02F2CD00445E6D0C /* MockEventKitStore.swift */; };
		9D86470277D630C802BC1216 /* AppSettings.swift in Sources */ = {isa = PBXBuildFile; fileRef = 9C224AE2776660B310EFD1C9 /* AppSettings.swift */; };
		9E04CD5BDD7A4ADFBEE42806 /* LiveEventKitStoreInvitations.swift in Sources */ = {isa = PBXBuildFile; fileRef = 87490A1BE49FD2FA3543DFC7 /* LiveEventKitStoreInvitations.swift */; };
		9F004688C5D34FB4AD690B54 /* MockEventKitStoreInvitations.swift in Sources */ = {isa = PBXBuildFile; fileRef = 931F9D175974B601A2043738 /* MockEventKitStoreInvitations.swift */; };
		9F38A252CB43CAE72DF3DE70 /* EventKitProviderCompleteValidationTests.swift in Sources */ = {isa = PBXBuildFile; fileRef = 463284729AA5BBBA14456CE1 /* EventKitProviderCompleteValidationTests.swift */; };
		A1EDC7283BF01F3D249DB758 /* EventKitSerializationTests.swift in Sources */ = {isa = PBXBuildFile; fileRef = DA10FBBA3E71A83884C01863 /* EventKitSerializationTests.swift */; };
		A1EE361B7F39E414D73D4158 /* SettingsStoreTests.swift in Sources */ = {isa = PBXBuildFile; fileRef = 1A08A7B375756F6E1F29C647 /* SettingsStoreTests.swift */; };
		A379FED46FA22BFE7EBA3232 /* RemindersPermissionService.swift in Sources */ = {isa = PBXBuildFile; fileRef = 4A72D4B9CEB174F696205046 /* RemindersPermissionService.swift */; };
		A3EE640C097E39E33E56693A /* SettingsDesign.swift in Sources */ = {isa = PBXBuildFile; fileRef = D51F216FFD5D6B9C45664979 /* SettingsDesign.swift */; };
		A51734E048FC4A0CE3AE7C24 /* EventKitProviderMoveValidationTests.swift in Sources */ = {isa = PBXBuildFile; fileRef = C74034B4461DB8E6CA8815C1 /* EventKitProviderMoveValidationTests.swift */; };
		A596D73AC23907B0E888FEB0 /* StaleRemindersPermissionService.swift in Sources */ = {isa = PBXBuildFile; fileRef = CF9F62B5834A3345F997495F /* StaleRemindersPermissionService.swift */; };
		A9AA6F6AC3438A02FB07B3D6 /* EventKitProviderDeclineInvitation.swift in Sources */ = {isa = PBXBuildFile; fileRef = 11FB05FA5E0C5CC2B3971248 /* EventKitProviderDeclineInvitation.swift */; };
		AA71B56C27E415C608F12CCA /* EventKitDeserializationRecurrence.swift in Sources */ = {isa = PBXBuildFile; fileRef = 6D195461D77501BE91ED2E00 /* EventKitDeserializationRecurrence.swift */; };
		ABFBA2863CF018BC9FFA76F3 /* ServerStore.swift in Sources */ = {isa = PBXBuildFile; fileRef = 840D41B480A50A2080E5AFAD /* ServerStore.swift */; };
		ADC046FA741ED5A45DA96737 /* EventKitProviderComplete.swift in Sources */ = {isa = PBXBuildFile; fileRef = 1049F7ED134ECF8E2E7B5419 /* EventKitProviderComplete.swift */; };
		AE4477865F7B0D003BC3B530 /* MockBearerTokenStore.swift in Sources */ = {isa = PBXBuildFile; fileRef = 2F9E835DF7BD9E1609D3DBF9 /* MockBearerTokenStore.swift */; };
		AEB9B5EF550B836B5DF13EF4 /* ServerConfigCapabilitiesTests.swift in Sources */ = {isa = PBXBuildFile; fileRef = 27D3CEABF33D27B04DBE589C /* ServerConfigCapabilitiesTests.swift */; };
		B093734CB3D64AC488A72A1C /* AppStoreTests.swift in Sources */ = {isa = PBXBuildFile; fileRef = E67E426EFAB33A7A23E90338 /* AppStoreTests.swift */; };
		B0BC84F142BD96E436D64C00 /* EventKitProviderTests.swift in Sources */ = {isa = PBXBuildFile; fileRef = 2129FE8EDB586593AB94360F /* EventKitProviderTests.swift */; };
		B3C196A20A3F4D38A4DB3906 /* EventKitReminderFetch.swift in Sources */ = {isa = PBXBuildFile; fileRef = BF6AA33A69D9B10B8E37A6AD /* EventKitReminderFetch.swift */; };
		B66E1BBBCDCB37A806C439A6 /* Arm64OnlyBuildConfigurationTests.swift in Sources */ = {isa = PBXBuildFile; fileRef = 2EBE8594105150B6E2239FFF /* Arm64OnlyBuildConfigurationTests.swift */; };
		B6B25F026F5922AD7F11C9D3 /* EventsPermissionChecking.swift in Sources */ = {isa = PBXBuildFile; fileRef = 32A79D84706744C840F4647C /* EventsPermissionChecking.swift */; };
		B7C032A7A55F0B43103E2D11 /* EventKitProvider.swift in Sources */ = {isa = PBXBuildFile; fileRef = D2B9116F294A471D608AE114 /* EventKitProvider.swift */; };
		B80F14C5B754A0276C38DABB /* EventKitDeserializationCalendar.swift in Sources */ = {isa = PBXBuildFile; fileRef = 49492AC0B653C9E1D649F4F5 /* EventKitDeserializationCalendar.swift */; };
		BA971967C55DE01A0123591B /* SettingsWindowView.swift in Sources */ = {isa = PBXBuildFile; fileRef = C453F98EBE5CA0E0631FE443 /* SettingsWindowView.swift */; };
		BE9B9023B523C56F5D03387C /* EventKitSerializationEnumStrings.swift in Sources */ = {isa = PBXBuildFile; fileRef = BE88F5FCA6B9B2EE73A19B25 /* EventKitSerializationEnumStrings.swift */; };
		BFA73037E12473965BED9092 /* APIKeyFormatting.swift in Sources */ = {isa = PBXBuildFile; fileRef = 13B65A129383F53A6EDB25AF /* APIKeyFormatting.swift */; };
		BFE899E7AD06ACFFCAEBB7E0 /* EventKitProviderListCalendarsTests.swift in Sources */ = {isa = PBXBuildFile; fileRef = CD0CEFEB4579E8EE1448E86B /* EventKitProviderListCalendarsTests.swift */; };
		C2A2BAB2921416BFE8404015 /* EventKitSerializationEventTests.swift in Sources */ = {isa = PBXBuildFile; fileRef = 542285A0192308558D48432B /* EventKitSerializationEventTests.swift */; };
		C31C1E4411BA839A2572CC49 /* EventKitProviderDeleteEventValidationTests.swift in Sources */ = {isa = PBXBuildFile; fileRef = BB5725AC3EF3A3512E570F14 /* EventKitProviderDeleteEventValidationTests.swift */; };
		C45634D6199ED09788343744 /* EventKitProviderCreate.swift in Sources */ = {isa = PBXBuildFile; fileRef = 13926FC196E096123C63EBA7 /* EventKitProviderCreate.swift */; };
		C4E63EE6AA1423B9718AE67C /* EventKitProviderAlarmsTests.swift in Sources */ = {isa = PBXBuildFile; fileRef = 8659E1DA31D65D3506F10F7F /* EventKitProviderAlarmsTests.swift */; };
		C52983C00DA6F97A5D2C1FF6 /* SettingsStoreUsageLoggingTests.swift in Sources */ = {isa = PBXBuildFile; fileRef = A55461E0BD369ADDC25FAFC1 /* SettingsStoreUsageLoggingTests.swift */; };
		C764B769B53E60974DE2F894 /* AppleProviderBridgeDeleteListTests.swift in Sources */ = {isa = PBXBuildFile; fileRef = C9971421EB83DA709A01E372 /* AppleProviderBridgeDeleteListTests.swift */; };
		C77F1AA397C9434134BC6A38 /* EventKitEventRecurrenceValidationTests.swift in Sources */ = {isa = PBXBuildFile; fileRef = 3DBC31419078564A176C2D4A /* EventKitEventRecurrenceValidationTests.swift */; };
		CDAB05794EDC6DA92D904694 /* EventKitProviderAcceptInvitationTests.swift in Sources */ = {isa = PBXBuildFile; fileRef = 5A04BC282628F5763B7A7FEB /* EventKitProviderAcceptInvitationTests.swift */; };
		CDDAAF2C4691195A62DCAE71 /* EventKitDeserializationEvent.swift in Sources */ = {isa = PBXBuildFile; fileRef = EFD062DDD5CCB96FA944178E /* EventKitDeserializationEvent.swift */; };
		CE5FEA5F341DF203272C1953 /* StatusIndicator.swift in Sources */ = {isa = PBXBuildFile; fileRef = 99C0185B2328E52AB5EBDD1D /* StatusIndicator.swift */; };
		D0627B3BB609AB3D217E0361 /* PermissionsSettingsView.swift in Sources */ = {isa = PBXBuildFile; fileRef = E146F0FCF53C1EC00B261451 /* PermissionsSettingsView.swift */; };
		D6C3FDC3CBF50531768A2F68 /* RemindersPermissionChecking.swift in Sources */ = {isa = PBXBuildFile; fileRef = E92E78E13D38DCD36E0C4AAF /* RemindersPermissionChecking.swift */; };
		D73EFA8C2E6B76205021E4EF /* EventsPermissionService.swift in Sources */ = {isa = PBXBuildFile; fileRef = 65703A74E345520B7DC8C401 /* EventsPermissionService.swift */; };
		D7A562E546C1B1A6DC49513E /* EventKitProviderAlarmsValidationTests.swift in Sources */ = {isa = PBXBuildFile; fileRef = B4603D781F6A3C2778C7189C /* EventKitProviderAlarmsValidationTests.swift */; };
		D90613D97CA2526890DDD29B /* ServerStoreTests.swift in Sources */ = {isa = PBXBuildFile; fileRef = E9BE21E08C8A28A2970B8FAB /* ServerStoreTests.swift */; };
		DAFE23759AD9FE42351DA54E /* EventKitProviderSearchEventsTests.swift in Sources */ = {isa = PBXBuildFile; fileRef = FB9393CD505D3B5B10502571 /* EventKitProviderSearchEventsTests.swift */; };
		DB666ECE2D4B76B9BA2CFD94 /* EventKitTestSupport.swift in Sources */ = {isa = PBXBuildFile; fileRef = C723EF9225492B1A29DD1228 /* EventKitTestSupport.swift */; };
		DBD22F1788C194919301BFCF /* EventKitProviderMoveEventTests.swift in Sources */ = {isa = PBXBuildFile; fileRef = 365678768DB6014A1A7C0A6F /* EventKitProviderMoveEventTests.swift */; };
		DBEBE88FE028C1FF9AD723B4 /* AppleProviderBridgeTests.swift in Sources */ = {isa = PBXBuildFile; fileRef = 061BA2725CA72D643E140494 /* AppleProviderBridgeTests.swift */; };
		DDA894C58581E8032244F83E /* UsageAuditExportTests.swift in Sources */ = {isa = PBXBuildFile; fileRef = 3DD0D0D3E9DB88F6F3340E34 /* UsageAuditExportTests.swift */; };
		E00E370F1BA717E092582F2B /* EventKitInvitationResponseTests.swift in Sources */ = {isa = PBXBuildFile; fileRef = 27239CDC73EEB0DA0B205F2C /* EventKitInvitationResponseTests.swift */; };
		A1B2C3D4E5F60718293A4C1 /* LiveEventKitStoreInvitationContractTests.swift in Sources */ = {isa = PBXBuildFile; fileRef = B2C3D4E5F60718293A4C1D2 /* LiveEventKitStoreInvitationContractTests.swift */; };
		F1A2B3C4D5E6F708192A3B4C /* EventKitMockParticipantSupport.swift in Sources */ = {isa = PBXBuildFile; fileRef = E8A1B2C3D4E5F60718293A4B /* EventKitMockParticipantSupport.swift */; };
		E20E6013FFEDFAC9D6BCF8DF /* EventKitProviderEventAlarmsTests.swift in Sources */ = {isa = PBXBuildFile; fileRef = 4F4CEBDC49640FB447035B90 /* EventKitProviderEventAlarmsTests.swift */; };
		E5898D3B4EE13617A2532557 /* ServiceManagement.framework in Frameworks */ = {isa = PBXBuildFile; fileRef = 45B580B922B7E847CC513FC1 /* ServiceManagement.framework */; };
		EA9A6791225C7818ABFB94C0 /* EventKitRecurrenceValidationTests.swift in Sources */ = {isa = PBXBuildFile; fileRef = BD56CCFE11280BE3CA9EAC63 /* EventKitRecurrenceValidationTests.swift */; };
		EAB443B9E0D1073221E64D1D /* PermissionsStore.swift in Sources */ = {isa = PBXBuildFile; fileRef = 5E2D8AFFF6004C50652089B5 /* PermissionsStore.swift */; };
		EC26573493CD060DE7447352 /* MockEventsPermissionService.swift in Sources */ = {isa = PBXBuildFile; fileRef = D047BA5703F04B7C39F0F545 /* MockEventsPermissionService.swift */; };
		EC7DBF7698C004AF8AC77AE7 /* UsageAuditExport.swift in Sources */ = {isa = PBXBuildFile; fileRef = FA8959227DB90C4148572276 /* UsageAuditExport.swift */; };
		ECC23E7E8CE88CB704B2F0EB /* EventKitProviderDeleteCalendarTests.swift in Sources */ = {isa = PBXBuildFile; fileRef = 38E6DCCAD741CAD84FF26E25 /* EventKitProviderDeleteCalendarTests.swift */; };
		ED65FAEB6191CAF1252A6A3B /* EventKitProviderAcceptInvitationValidationTests.swift in Sources */ = {isa = PBXBuildFile; fileRef = 5CDC70FFD130AF7BE5A9960B /* EventKitProviderAcceptInvitationValidationTests.swift */; };
		EF1B1BAC4BA4A86B5511104C /* EventKitProviderUpdate.swift in Sources */ = {isa = PBXBuildFile; fileRef = C3F7B23B42E794085F6CB25B /* EventKitProviderUpdate.swift */; };
		F1FEFB2989D7C1F3489A6D8B /* APIKeyFormattingTests.swift in Sources */ = {isa = PBXBuildFile; fileRef = 8CEB0E9A615144A5BD9EAA05 /* APIKeyFormattingTests.swift */; };
		F2D8E0D6F84F3D116343430B /* DiagnosticsSettingsView.swift in Sources */ = {isa = PBXBuildFile; fileRef = B889DDADD64B031F0AE6CE1C /* DiagnosticsSettingsView.swift */; };
		F2E3B333069A6A0F678C189C /* URLOpening.swift in Sources */ = {isa = PBXBuildFile; fileRef = 0157FC066C71802B00A6F481 /* URLOpening.swift */; };
		F45E17576ADCA99FBCC40E54 /* EventKitProviderCreateEvent.swift in Sources */ = {isa = PBXBuildFile; fileRef = E34219B8B60B71D0C64C81F8 /* EventKitProviderCreateEvent.swift */; };
		F66991A94B9311BEADDAAAAA /* CapabilityCatalog.swift in Sources */ = {isa = PBXBuildFile; fileRef = BA6F7802E2EB5A93A94519D5 /* CapabilityCatalog.swift */; };
		FBDCC9E111323867A97D6810 /* AppStore.swift in Sources */ = {isa = PBXBuildFile; fileRef = B1248AB2AF2E733A7DBF3FFF /* AppStore.swift */; };
		FEBAB791F0B64675601FE504 /* EventKitProviderEventRecurrenceTests.swift in Sources */ = {isa = PBXBuildFile; fileRef = 6BA0935ACEEE5E8CF44B7032 /* EventKitProviderEventRecurrenceTests.swift */; };
		FF2FF22DF4DBCF348B3E9B14 /* EventKitSerialization.swift in Sources */ = {isa = PBXBuildFile; fileRef = 5CD184989F652AAD52E9C87E /* EventKitSerialization.swift */; };
/* End PBXBuildFile section */

/* Begin PBXContainerItemProxy section */
		47671BEA8C46C43950782872 /* PBXContainerItemProxy */ = {
			isa = PBXContainerItemProxy;
			containerPortal = 0759E49E4001643275E5DB00 /* Project object */;
			proxyType = 1;
			remoteGlobalIDString = B1275429C5D5C1BA305125EE;
			remoteInfo = AppleBridge;
		};
/* End PBXContainerItemProxy section */

/* Begin PBXFileReference section */
		0157FC066C71802B00A6F481 /* URLOpening.swift */ = {isa = PBXFileReference; lastKnownFileType = sourcecode.swift; path = URLOpening.swift; sourceTree = "<group>"; };
		02B065B605C800213EF61640 /* apple_bridge_core.swift */ = {isa = PBXFileReference; lastKnownFileType = sourcecode.swift; path = apple_bridge_core.swift; sourceTree = "<group>"; };
		04B331D45BCC4BD36027AFD5 /* EventKitProviderDeleteTests.swift */ = {isa = PBXFileReference; lastKnownFileType = sourcecode.swift; path = EventKitProviderDeleteTests.swift; sourceTree = "<group>"; };
		05D37BAEC8A9B5B70BE008DE /* PermissionsStoreTests.swift */ = {isa = PBXFileReference; lastKnownFileType = sourcecode.swift; path = PermissionsStoreTests.swift; sourceTree = "<group>"; };
		061BA2725CA72D643E140494 /* AppleProviderBridgeTests.swift */ = {isa = PBXFileReference; lastKnownFileType = sourcecode.swift; path = AppleProviderBridgeTests.swift; sourceTree = "<group>"; };
		081813B141909245E342F20A /* AppleBridgeTests.xctest */ = {isa = PBXFileReference; explicitFileType = wrapper.cfbundle; includeInIndex = 0; path = AppleBridgeTests.xctest; sourceTree = BUILT_PRODUCTS_DIR; };
		0AC4F47EEC19C9639CE04BFD /* EventKitProviderDeleteCalendar.swift */ = {isa = PBXFileReference; lastKnownFileType = sourcecode.swift; path = EventKitProviderDeleteCalendar.swift; sourceTree = "<group>"; };
		0B39750CFA69109FBBE0899B /* MockServerService.swift */ = {isa = PBXFileReference; lastKnownFileType = sourcecode.swift; path = MockServerService.swift; sourceTree = "<group>"; };
		0E736EBC887B0A73475652F3 /* AppleBridgeApp.swift */ = {isa = PBXFileReference; lastKnownFileType = sourcecode.swift; path = AppleBridgeApp.swift; sourceTree = "<group>"; };
		0FFBE570B33CADFC64D6A7A3 /* RemindersPermissionStatusTests.swift */ = {isa = PBXFileReference; lastKnownFileType = sourcecode.swift; path = RemindersPermissionStatusTests.swift; sourceTree = "<group>"; };
		1049F7ED134ECF8E2E7B5419 /* EventKitProviderComplete.swift */ = {isa = PBXFileReference; lastKnownFileType = sourcecode.swift; path = EventKitProviderComplete.swift; sourceTree = "<group>"; };
		11FB05FA5E0C5CC2B3971248 /* EventKitProviderDeclineInvitation.swift */ = {isa = PBXFileReference; lastKnownFileType = sourcecode.swift; path = EventKitProviderDeclineInvitation.swift; sourceTree = "<group>"; };
		13926FC196E096123C63EBA7 /* EventKitProviderCreate.swift */ = {isa = PBXFileReference; lastKnownFileType = sourcecode.swift; path = EventKitProviderCreate.swift; sourceTree = "<group>"; };
		13B65A129383F53A6EDB25AF /* APIKeyFormatting.swift */ = {isa = PBXFileReference; lastKnownFileType = sourcecode.swift; path = APIKeyFormatting.swift; sourceTree = "<group>"; };
		14A6BD3A51BDB1798F29CD93 /* EventKitProviderDeleteList.swift */ = {isa = PBXFileReference; lastKnownFileType = sourcecode.swift; path = EventKitProviderDeleteList.swift; sourceTree = "<group>"; };
		168914F1F0FC6DAF5013D981 /* BearerTokenStoreTests.swift */ = {isa = PBXFileReference; lastKnownFileType = sourcecode.swift; path = BearerTokenStoreTests.swift; sourceTree = "<group>"; };
		16F4FA1F3DCDD6B82C566093 /* EventKitProviderRecurrenceTests.swift */ = {isa = PBXFileReference; lastKnownFileType = sourcecode.swift; path = EventKitProviderRecurrenceTests.swift; sourceTree = "<group>"; };
		1A08A7B375756F6E1F29C647 /* SettingsStoreTests.swift */ = {isa = PBXFileReference; lastKnownFileType = sourcecode.swift; path = SettingsStoreTests.swift; sourceTree = "<group>"; };
		1F0F8BA25F2C9E3CCF515773 /* EventKitProviderCreateListTests.swift */ = {isa = PBXFileReference; lastKnownFileType = sourcecode.swift; path = EventKitProviderCreateListTests.swift; sourceTree = "<group>"; };
		1F7F3698A6C4B83BE5E94F35 /* RemindersPermissionStatusReconciliationTests.swift */ = {isa = PBXFileReference; lastKnownFileType = sourcecode.swift; path = RemindersPermissionStatusReconciliationTests.swift; sourceTree = "<group>"; };
		2129FE8EDB586593AB94360F /* EventKitProviderTests.swift */ = {isa = PBXFileReference; lastKnownFileType = sourcecode.swift; path = EventKitProviderTests.swift; sourceTree = "<group>"; };
		258AB58BDB3B042D0FF6E698 /* SettingsStore.swift */ = {isa = PBXFileReference; lastKnownFileType = sourcecode.swift; path = SettingsStore.swift; sourceTree = "<group>"; };
		27239CDC73EEB0DA0B205F2C /* EventKitInvitationResponseTests.swift */ = {isa = PBXFileReference; lastKnownFileType = sourcecode.swift; path = EventKitInvitationResponseTests.swift; sourceTree = "<group>"; };
		B2C3D4E5F60718293A4C1D2 /* LiveEventKitStoreInvitationContractTests.swift */ = {isa = PBXFileReference; lastKnownFileType = sourcecode.swift; path = LiveEventKitStoreInvitationContractTests.swift; sourceTree = "<group>"; };
		27D3CEABF33D27B04DBE589C /* ServerConfigCapabilitiesTests.swift */ = {isa = PBXFileReference; lastKnownFileType = sourcecode.swift; path = ServerConfigCapabilitiesTests.swift; sourceTree = "<group>"; };
		2DFB3FA8EB87511511E3F5E9 /* EventKitProviderUpdateCalendarTests.swift */ = {isa = PBXFileReference; lastKnownFileType = sourcecode.swift; path = EventKitProviderUpdateCalendarTests.swift; sourceTree = "<group>"; };
		2EBE8594105150B6E2239FFF /* Arm64OnlyBuildConfigurationTests.swift */ = {isa = PBXFileReference; lastKnownFileType = sourcecode.swift; path = Arm64OnlyBuildConfigurationTests.swift; sourceTree = "<group>"; };
		2F9E835DF7BD9E1609D3DBF9 /* MockBearerTokenStore.swift */ = {isa = PBXFileReference; lastKnownFileType = sourcecode.swift; path = MockBearerTokenStore.swift; sourceTree = "<group>"; };
		32A79D84706744C840F4647C /* EventsPermissionChecking.swift */ = {isa = PBXFileReference; lastKnownFileType = sourcecode.swift; path = EventsPermissionChecking.swift; sourceTree = "<group>"; };
		34F173AAC105177E71E9A236 /* ServerService.swift */ = {isa = PBXFileReference; lastKnownFileType = sourcecode.swift; path = ServerService.swift; sourceTree = "<group>"; };
		3621DF968442AD3C3562EFAC /* RemindersPermissionStatus.swift */ = {isa = PBXFileReference; lastKnownFileType = sourcecode.swift; path = RemindersPermissionStatus.swift; sourceTree = "<group>"; };
		365678768DB6014A1A7C0A6F /* EventKitProviderMoveEventTests.swift */ = {isa = PBXFileReference; lastKnownFileType = sourcecode.swift; path = EventKitProviderMoveEventTests.swift; sourceTree = "<group>"; };
		38E6DCCAD741CAD84FF26E25 /* EventKitProviderDeleteCalendarTests.swift */ = {isa = PBXFileReference; lastKnownFileType = sourcecode.swift; path = EventKitProviderDeleteCalendarTests.swift; sourceTree = "<group>"; };
		3DBC31419078564A176C2D4A /* EventKitEventRecurrenceValidationTests.swift */ = {isa = PBXFileReference; lastKnownFileType = sourcecode.swift; path = EventKitEventRecurrenceValidationTests.swift; sourceTree = "<group>"; };
		3DD0D0D3E9DB88F6F3340E34 /* UsageAuditExportTests.swift */ = {isa = PBXFileReference; lastKnownFileType = sourcecode.swift; path = UsageAuditExportTests.swift; sourceTree = "<group>"; };
		3FC6C532EED545584294C1CC /* EventKitProviderSearchEvents.swift */ = {isa = PBXFileReference; lastKnownFileType = sourcecode.swift; path = EventKitProviderSearchEvents.swift; sourceTree = "<group>"; };
		449918B5D20FD9DDA194BA73 /* EventKitProviderUpdateEvent.swift */ = {isa = PBXFileReference; lastKnownFileType = sourcecode.swift; path = EventKitProviderUpdateEvent.swift; sourceTree = "<group>"; };
		4591092F08ED8B5524427429 /* EventKitProviderDeleteEventTests.swift */ = {isa = PBXFileReference; lastKnownFileType = sourcecode.swift; path = EventKitProviderDeleteEventTests.swift; sourceTree = "<group>"; };
		45B580B922B7E847CC513FC1 /* ServiceManagement.framework */ = {isa = PBXFileReference; lastKnownFileType = wrapper.framework; name = ServiceManagement.framework; path = System/Library/Frameworks/ServiceManagement.framework; sourceTree = SDKROOT; };
		463284729AA5BBBA14456CE1 /* EventKitProviderCompleteValidationTests.swift */ = {isa = PBXFileReference; lastKnownFileType = sourcecode.swift; path = EventKitProviderCompleteValidationTests.swift; sourceTree = "<group>"; };
		49492AC0B653C9E1D649F4F5 /* EventKitDeserializationCalendar.swift */ = {isa = PBXFileReference; lastKnownFileType = sourcecode.swift; path = EventKitDeserializationCalendar.swift; sourceTree = "<group>"; };
		4A72D4B9CEB174F696205046 /* RemindersPermissionService.swift */ = {isa = PBXFileReference; lastKnownFileType = sourcecode.swift; path = RemindersPermissionService.swift; sourceTree = "<group>"; };
		4BD928B033E86D4CD99874FD /* EventKitProviderCreateList.swift */ = {isa = PBXFileReference; lastKnownFileType = sourcecode.swift; path = EventKitProviderCreateList.swift; sourceTree = "<group>"; };
		4C2A0117DFC05E6124FC81AF /* EventKitProviderAcceptInvitation.swift */ = {isa = PBXFileReference; lastKnownFileType = sourcecode.swift; path = EventKitProviderAcceptInvitation.swift; sourceTree = "<group>"; };
		4C9DF95CA183051C14B3954E /* RemindersPermissionStatusReconciliation.swift */ = {isa = PBXFileReference; lastKnownFileType = sourcecode.swift; path = RemindersPermissionStatusReconciliation.swift; sourceTree = "<group>"; };
		4F4CEBDC49640FB447035B90 /* EventKitProviderEventAlarmsTests.swift */ = {isa = PBXFileReference; lastKnownFileType = sourcecode.swift; path = EventKitProviderEventAlarmsTests.swift; sourceTree = "<group>"; };
		50CE5059348156C983077237 /* AppleProviderBridgeRecurrenceTests.swift */ = {isa = PBXFileReference; lastKnownFileType = sourcecode.swift; path = AppleProviderBridgeRecurrenceTests.swift; sourceTree = "<group>"; };
		542285A0192308558D48432B /* EventKitSerializationEventTests.swift */ = {isa = PBXFileReference; lastKnownFileType = sourcecode.swift; path = EventKitSerializationEventTests.swift; sourceTree = "<group>"; };
		57E6819F262FD83E8907E9C9 /* EventKitProviderSetEventRecurrence.swift */ = {isa = PBXFileReference; lastKnownFileType = sourcecode.swift; path = EventKitProviderSetEventRecurrence.swift; sourceTree = "<group>"; };
		5A04BC282628F5763B7A7FEB /* EventKitProviderAcceptInvitationTests.swift */ = {isa = PBXFileReference; lastKnownFileType = sourcecode.swift; path = EventKitProviderAcceptInvitationTests.swift; sourceTree = "<group>"; };
		5CD184989F652AAD52E9C87E /* EventKitSerialization.swift */ = {isa = PBXFileReference; lastKnownFileType = sourcecode.swift; path = EventKitSerialization.swift; sourceTree = "<group>"; };
		5CDC70FFD130AF7BE5A9960B /* EventKitProviderAcceptInvitationValidationTests.swift */ = {isa = PBXFileReference; lastKnownFileType = sourcecode.swift; path = EventKitProviderAcceptInvitationValidationTests.swift; sourceTree = "<group>"; };
		5D04004128DAAE984C422462 /* EventKitProviderMutationRouting.swift */ = {isa = PBXFileReference; lastKnownFileType = sourcecode.swift; path = EventKitProviderMutationRouting.swift; sourceTree = "<group>"; };
		5E28A832B6850DD201DF12F8 /* BlockingRemindersPermissionService.swift */ = {isa = PBXFileReference; lastKnownFileType = sourcecode.swift; path = BlockingRemindersPermissionService.swift; sourceTree = "<group>"; };
		5E2D8AFFF6004C50652089B5 /* PermissionsStore.swift */ = {isa = PBXFileReference; lastKnownFileType = sourcecode.swift; path = PermissionsStore.swift; sourceTree = "<group>"; };
		5E5BE2975C32E84036198873 /* EventKitProviderEventSerialization.swift */ = {isa = PBXFileReference; lastKnownFileType = sourcecode.swift; path = EventKitProviderEventSerialization.swift; sourceTree = "<group>"; };
		5EBBF81C3509780ADC778473 /* KeychainServiceIntegrationTests.swift */ = {isa = PBXFileReference; lastKnownFileType = sourcecode.swift; path = KeychainServiceIntegrationTests.swift; sourceTree = "<group>"; };
		5FFDE8B0F5C9F57E6A318079 /* EventKitProviderUpdateCalendar.swift */ = {isa = PBXFileReference; lastKnownFileType = sourcecode.swift; path = EventKitProviderUpdateCalendar.swift; sourceTree = "<group>"; };
		63792628A5888C7C9A103AFA /* MockRemindersPermissionService.swift */ = {isa = PBXFileReference; lastKnownFileType = sourcecode.swift; path = MockRemindersPermissionService.swift; sourceTree = "<group>"; };
		6466A5FC8E28C5BE7E18F19F /* EventKitProviderTentativeInvitationTests.swift */ = {isa = PBXFileReference; lastKnownFileType = sourcecode.swift; path = EventKitProviderTentativeInvitationTests.swift; sourceTree = "<group>"; };
		65703A74E345520B7DC8C401 /* EventsPermissionService.swift */ = {isa = PBXFileReference; lastKnownFileType = sourcecode.swift; path = EventsPermissionService.swift; sourceTree = "<group>"; };
		66AEA197502DCE5D0A82066F /* EventKitProviderUpdateTests.swift */ = {isa = PBXFileReference; lastKnownFileType = sourcecode.swift; path = EventKitProviderUpdateTests.swift; sourceTree = "<group>"; };
		6BA0935ACEEE5E8CF44B7032 /* EventKitProviderEventRecurrenceTests.swift */ = {isa = PBXFileReference; lastKnownFileType = sourcecode.swift; path = EventKitProviderEventRecurrenceTests.swift; sourceTree = "<group>"; };
		6D195461D77501BE91ED2E00 /* EventKitDeserializationRecurrence.swift */ = {isa = PBXFileReference; lastKnownFileType = sourcecode.swift; path = EventKitDeserializationRecurrence.swift; sourceTree = "<group>"; };
		7123568FF31477E464AF0185 /* EventKitProviderMoveEvent.swift */ = {isa = PBXFileReference; lastKnownFileType = sourcecode.swift; path = EventKitProviderMoveEvent.swift; sourceTree = "<group>"; };
		714829BCE2C74FD3E94FAE4A /* SettingsStoreUsageAuditTests.swift */ = {isa = PBXFileReference; lastKnownFileType = sourcecode.swift; path = SettingsStoreUsageAuditTests.swift; sourceTree = "<group>"; };
		732F11CED2185A9CC3DDE300 /* AppleProviderBridgeListCalendarsTests.swift */ = {isa = PBXFileReference; lastKnownFileType = sourcecode.swift; path = AppleProviderBridgeListCalendarsTests.swift; sourceTree = "<group>"; };
		73342D5073AEE45C4C353AA4 /* EventKitProviderMoveTests.swift */ = {isa = PBXFileReference; lastKnownFileType = sourcecode.swift; path = EventKitProviderMoveTests.swift; sourceTree = "<group>"; };
		76CF5BE2271C76FA3399537A /* EventKitProviderMove.swift */ = {isa = PBXFileReference; lastKnownFileType = sourcecode.swift; path = EventKitProviderMove.swift; sourceTree = "<group>"; };
		7B4D56A8BE9577545A4ACEF9 /* RemindersPermissionServiceTests.swift */ = {isa = PBXFileReference; lastKnownFileType = sourcecode.swift; path = RemindersPermissionServiceTests.swift; sourceTree = "<group>"; };
		828BF65E947F980064F26AAA /* EventKitProviderCreateValidationTests.swift */ = {isa = PBXFileReference; lastKnownFileType = sourcecode.swift; path = EventKitProviderCreateValidationTests.swift; sourceTree = "<group>"; };
		840D41B480A50A2080E5AFAD /* ServerStore.swift */ = {isa = PBXFileReference; lastKnownFileType = sourcecode.swift; path = ServerStore.swift; sourceTree = "<group>"; };
		84179012D708333C3051B0DD /* EventKitProviderCreateEventTests.swift */ = {isa = PBXFileReference; lastKnownFileType = sourcecode.swift; path = EventKitProviderCreateEventTests.swift; sourceTree = "<group>"; };
		8659E1DA31D65D3506F10F7F /* EventKitProviderAlarmsTests.swift */ = {isa = PBXFileReference; lastKnownFileType = sourcecode.swift; path = EventKitProviderAlarmsTests.swift; sourceTree = "<group>"; };
		865CFF7F36678A7CF913AE3C /* EventKitProviderUpdateEventTests.swift */ = {isa = PBXFileReference; lastKnownFileType = sourcecode.swift; path = EventKitProviderUpdateEventTests.swift; sourceTree = "<group>"; };
		86823620FB198FFCB3167A11 /* MockURLOpener.swift */ = {isa = PBXFileReference; lastKnownFileType = sourcecode.swift; path = MockURLOpener.swift; sourceTree = "<group>"; };
		87490A1BE49FD2FA3543DFC7 /* LiveEventKitStoreInvitations.swift */ = {isa = PBXFileReference; lastKnownFileType = sourcecode.swift; path = LiveEventKitStoreInvitations.swift; sourceTree = "<group>"; };
		8845608742FA7223A013EA89 /* EventKitProviderDeleteListTests.swift */ = {isa = PBXFileReference; lastKnownFileType = sourcecode.swift; path = EventKitProviderDeleteListTests.swift; sourceTree = "<group>"; };
		885CAED8B8050BBC816094D4 /* EventsPermissionServiceTests.swift */ = {isa = PBXFileReference; lastKnownFileType = sourcecode.swift; path = EventsPermissionServiceTests.swift; sourceTree = "<group>"; };
		8C810FA4ED893ADE6FF771DC /* EventKitDeserializationAlarms.swift */ = {isa = PBXFileReference; lastKnownFileType = sourcecode.swift; path = EventKitDeserializationAlarms.swift; sourceTree = "<group>"; };
		8CEB0E9A615144A5BD9EAA05 /* APIKeyFormattingTests.swift */ = {isa = PBXFileReference; lastKnownFileType = sourcecode.swift; path = APIKeyFormattingTests.swift; sourceTree = "<group>"; };
		8D68D6C14A028B9798D87748 /* EventKitInvitationResponse.swift */ = {isa = PBXFileReference; lastKnownFileType = sourcecode.swift; path = EventKitInvitationResponse.swift; sourceTree = "<group>"; };
		8EAAF998A648D316CBAFCF8D /* EventKitProviderSearch.swift */ = {isa = PBXFileReference; lastKnownFileType = sourcecode.swift; path = EventKitProviderSearch.swift; sourceTree = "<group>"; };
		931F9D175974B601A2043738 /* MockEventKitStoreInvitations.swift */ = {isa = PBXFileReference; lastKnownFileType = sourcecode.swift; path = MockEventKitStoreInvitations.swift; sourceTree = "<group>"; };
		9694E2FA2117F05B1BDD8C75 /* EventKitProviderDeclineInvitationTests.swift */ = {isa = PBXFileReference; lastKnownFileType = sourcecode.swift; path = EventKitProviderDeclineInvitationTests.swift; sourceTree = "<group>"; };
		97D1FABE02F2CD00445E6D0C /* MockEventKitStore.swift */ = {isa = PBXFileReference; lastKnownFileType = sourcecode.swift; path = MockEventKitStore.swift; sourceTree = "<group>"; };
		99C0185B2328E52AB5EBDD1D /* StatusIndicator.swift */ = {isa = PBXFileReference; lastKnownFileType = sourcecode.swift; path = StatusIndicator.swift; sourceTree = "<group>"; };
		9C224AE2776660B310EFD1C9 /* AppSettings.swift */ = {isa = PBXFileReference; lastKnownFileType = sourcecode.swift; path = AppSettings.swift; sourceTree = "<group>"; };
		9DAD79CB0F0D15F4FB3AB40B /* EventKitProviderCreateCalendarTests.swift */ = {isa = PBXFileReference; lastKnownFileType = sourcecode.swift; path = EventKitProviderCreateCalendarTests.swift; sourceTree = "<group>"; };
		9E4AE1340128E20BBF808520 /* EventKitProviderMoveEventValidationTests.swift */ = {isa = PBXFileReference; lastKnownFileType = sourcecode.swift; path = EventKitProviderMoveEventValidationTests.swift; sourceTree = "<group>"; };
		A02946BC8373CE8BE1CFA884 /* EventKitProviderSetReminderAlarms.swift */ = {isa = PBXFileReference; lastKnownFileType = sourcecode.swift; path = EventKitProviderSetReminderAlarms.swift; sourceTree = "<group>"; };
		A0E5B28D470673A0A4AA09CB /* AppSettingsTests.swift */ = {isa = PBXFileReference; lastKnownFileType = sourcecode.swift; path = AppSettingsTests.swift; sourceTree = "<group>"; };
		A1CD2B4B95605CD09F6E7E83 /* LaunchAtLoginManaging.swift */ = {isa = PBXFileReference; lastKnownFileType = sourcecode.swift; path = LaunchAtLoginManaging.swift; sourceTree = "<group>"; };
		A38731056AA8C2298134E5C0 /* AppleProviderBridgeDeleteTests.swift */ = {isa = PBXFileReference; lastKnownFileType = sourcecode.swift; path = AppleProviderBridgeDeleteTests.swift; sourceTree = "<group>"; };
		A429EB5FE5384A20ECA19397 /* EventKitDeserialization.swift */ = {isa = PBXFileReference; lastKnownFileType = sourcecode.swift; path = EventKitDeserialization.swift; sourceTree = "<group>"; };
		A43691591D75809613F12854 /* EventKitProviderTentativeInvitation.swift */ = {isa = PBXFileReference; lastKnownFileType = sourcecode.swift; path = EventKitProviderTentativeInvitation.swift; sourceTree = "<group>"; };
		A474AA4DA74F6A5010AC742C /* EventKitProviderUpdateValidationTests.swift */ = {isa = PBXFileReference; lastKnownFileType = sourcecode.swift; path = EventKitProviderUpdateValidationTests.swift; sourceTree = "<group>"; };
		A55461E0BD369ADDC25FAFC1 /* SettingsStoreUsageLoggingTests.swift */ = {isa = PBXFileReference; lastKnownFileType = sourcecode.swift; path = SettingsStoreUsageLoggingTests.swift; sourceTree = "<group>"; };
		A6B1BF51F48B89CE4035DA11 /* EventKitProviderCreateTests.swift */ = {isa = PBXFileReference; lastKnownFileType = sourcecode.swift; path = EventKitProviderCreateTests.swift; sourceTree = "<group>"; };
		A8619B82D0F51DDA20F931D9 /* EventKitProviderSetEventAlarms.swift */ = {isa = PBXFileReference; lastKnownFileType = sourcecode.swift; path = EventKitProviderSetEventAlarms.swift; sourceTree = "<group>"; };
		AB88B3290D350846378161A8 /* EventKitProviderDeclineInvitationValidationTests.swift */ = {isa = PBXFileReference; lastKnownFileType = sourcecode.swift; path = EventKitProviderDeclineInvitationValidationTests.swift; sourceTree = "<group>"; };
		ABA761A62E110F5AA0D9D852 /* EventKitProviderGetEvent.swift */ = {isa = PBXFileReference; lastKnownFileType = sourcecode.swift; path = EventKitProviderGetEvent.swift; sourceTree = "<group>"; };
		ACFBEE0223231412B9E7B9ED /* EventKitProviderListEvents.swift */ = {isa = PBXFileReference; lastKnownFileType = sourcecode.swift; path = EventKitProviderListEvents.swift; sourceTree = "<group>"; };
		B1248AB2AF2E733A7DBF3FFF /* AppStore.swift */ = {isa = PBXFileReference; lastKnownFileType = sourcecode.swift; path = AppStore.swift; sourceTree = "<group>"; };
		B34332B87B622ABB41D06752 /* ServerServing.swift */ = {isa = PBXFileReference; lastKnownFileType = sourcecode.swift; path = ServerServing.swift; sourceTree = "<group>"; };
		B4603D781F6A3C2778C7189C /* EventKitProviderAlarmsValidationTests.swift */ = {isa = PBXFileReference; lastKnownFileType = sourcecode.swift; path = EventKitProviderAlarmsValidationTests.swift; sourceTree = "<group>"; };
		B52713D02646BCEE669428C9 /* EventKitProviderReadRouting.swift */ = {isa = PBXFileReference; lastKnownFileType = sourcecode.swift; path = EventKitProviderReadRouting.swift; sourceTree = "<group>"; };
		B889DDADD64B031F0AE6CE1C /* DiagnosticsSettingsView.swift */ = {isa = PBXFileReference; lastKnownFileType = sourcecode.swift; path = DiagnosticsSettingsView.swift; sourceTree = "<group>"; };
		BA6F7802E2EB5A93A94519D5 /* CapabilityCatalog.swift */ = {isa = PBXFileReference; lastKnownFileType = sourcecode.swift; path = CapabilityCatalog.swift; sourceTree = "<group>"; };
		BB5725AC3EF3A3512E570F14 /* EventKitProviderDeleteEventValidationTests.swift */ = {isa = PBXFileReference; lastKnownFileType = sourcecode.swift; path = EventKitProviderDeleteEventValidationTests.swift; sourceTree = "<group>"; };
		BD56CCFE11280BE3CA9EAC63 /* EventKitRecurrenceValidationTests.swift */ = {isa = PBXFileReference; lastKnownFileType = sourcecode.swift; path = EventKitRecurrenceValidationTests.swift; sourceTree = "<group>"; };
		BDFB66A9507777E0046175CD /* ServerRunState.swift */ = {isa = PBXFileReference; lastKnownFileType = sourcecode.swift; path = ServerRunState.swift; sourceTree = "<group>"; };
		BE88F5FCA6B9B2EE73A19B25 /* EventKitSerializationEnumStrings.swift */ = {isa = PBXFileReference; lastKnownFileType = sourcecode.swift; path = EventKitSerializationEnumStrings.swift; sourceTree = "<group>"; };
		BF6AA33A69D9B10B8E37A6AD /* EventKitReminderFetch.swift */ = {isa = PBXFileReference; lastKnownFileType = sourcecode.swift; path = EventKitReminderFetch.swift; sourceTree = "<group>"; };
		C040AB5B7D9582371C5B5FDA /* AppleProviderBridgeEventTests.swift */ = {isa = PBXFileReference; lastKnownFileType = sourcecode.swift; path = AppleProviderBridgeEventTests.swift; sourceTree = "<group>"; };
		C1FE25708EAD3205C02EC1CE /* EventKitProviderCompleteTests.swift */ = {isa = PBXFileReference; lastKnownFileType = sourcecode.swift; path = EventKitProviderCompleteTests.swift; sourceTree = "<group>"; };
		C3F7B23B42E794085F6CB25B /* EventKitProviderUpdate.swift */ = {isa = PBXFileReference; lastKnownFileType = sourcecode.swift; path = EventKitProviderUpdate.swift; sourceTree = "<group>"; };
		C453F98EBE5CA0E0631FE443 /* SettingsWindowView.swift */ = {isa = PBXFileReference; lastKnownFileType = sourcecode.swift; path = SettingsWindowView.swift; sourceTree = "<group>"; };
		C723EF9225492B1A29DD1228 /* EventKitTestSupport.swift */ = {isa = PBXFileReference; lastKnownFileType = sourcecode.swift; path = EventKitTestSupport.swift; sourceTree = "<group>"; };
		E8A1B2C3D4E5F60718293A4B /* EventKitMockParticipantSupport.swift */ = {isa = PBXFileReference; lastKnownFileType = sourcecode.swift; path = EventKitMockParticipantSupport.swift; sourceTree = "<group>"; };
		C74034B4461DB8E6CA8815C1 /* EventKitProviderMoveValidationTests.swift */ = {isa = PBXFileReference; lastKnownFileType = sourcecode.swift; path = EventKitProviderMoveValidationTests.swift; sourceTree = "<group>"; };
		C95A9769548583CA2BD3F783 /* SettingsStoreCalendarCapabilitiesTests.swift */ = {isa = PBXFileReference; lastKnownFileType = sourcecode.swift; path = SettingsStoreCalendarCapabilitiesTests.swift; sourceTree = "<group>"; };
		C9971421EB83DA709A01E372 /* AppleProviderBridgeDeleteListTests.swift */ = {isa = PBXFileReference; lastKnownFileType = sourcecode.swift; path = AppleProviderBridgeDeleteListTests.swift; sourceTree = "<group>"; };
		CD0CEFEB4579E8EE1448E86B /* EventKitProviderListCalendarsTests.swift */ = {isa = PBXFileReference; lastKnownFileType = sourcecode.swift; path = EventKitProviderListCalendarsTests.swift; sourceTree = "<group>"; };
		CF8C2D151839110223826CC7 /* AppleBridge.app */ = {isa = PBXFileReference; explicitFileType = wrapper.application; includeInIndex = 0; path = AppleBridge.app; sourceTree = BUILT_PRODUCTS_DIR; };
		CF9F62B5834A3345F997495F /* StaleRemindersPermissionService.swift */ = {isa = PBXFileReference; lastKnownFileType = sourcecode.swift; path = StaleRemindersPermissionService.swift; sourceTree = "<group>"; };
		D047BA5703F04B7C39F0F545 /* MockEventsPermissionService.swift */ = {isa = PBXFileReference; lastKnownFileType = sourcecode.swift; path = MockEventsPermissionService.swift; sourceTree = "<group>"; };
		D102C3F21E2E6956E4E36E7C /* EventKitProviderUpdateEventValidationTests.swift */ = {isa = PBXFileReference; lastKnownFileType = sourcecode.swift; path = EventKitProviderUpdateEventValidationTests.swift; sourceTree = "<group>"; };
		D2AF683581041C37901C5610 /* KeychainService.swift */ = {isa = PBXFileReference; lastKnownFileType = sourcecode.swift; path = KeychainService.swift; sourceTree = "<group>"; };
		D2B9116F294A471D608AE114 /* EventKitProvider.swift */ = {isa = PBXFileReference; lastKnownFileType = sourcecode.swift; path = EventKitProvider.swift; sourceTree = "<group>"; };
		D2FF282259C0953C9A35EB77 /* EventKitProviderDeleteValidationTests.swift */ = {isa = PBXFileReference; lastKnownFileType = sourcecode.swift; path = EventKitProviderDeleteValidationTests.swift; sourceTree = "<group>"; };
		D51F216FFD5D6B9C45664979 /* SettingsDesign.swift */ = {isa = PBXFileReference; lastKnownFileType = sourcecode.swift; path = SettingsDesign.swift; sourceTree = "<group>"; };
		D6AA7BD4CD9EFDCFE5A909F8 /* EventKitProviderGetEventTests.swift */ = {isa = PBXFileReference; lastKnownFileType = sourcecode.swift; path = EventKitProviderGetEventTests.swift; sourceTree = "<group>"; };
		D8D7FBE979E9882A8C8413E0 /* EventKitProviderListCalendars.swift */ = {isa = PBXFileReference; lastKnownFileType = sourcecode.swift; path = EventKitProviderListCalendars.swift; sourceTree = "<group>"; };
		D9E21358C562DC754EF1E627 /* MCPSettingsView.swift */ = {isa = PBXFileReference; lastKnownFileType = sourcecode.swift; path = MCPSettingsView.swift; sourceTree = "<group>"; };
		DA10FBBA3E71A83884C01863 /* EventKitSerializationTests.swift */ = {isa = PBXFileReference; lastKnownFileType = sourcecode.swift; path = EventKitSerializationTests.swift; sourceTree = "<group>"; };
		DC10922DFD9D5482C92FFF02 /* EventKitProviderSetReminderRecurrence.swift */ = {isa = PBXFileReference; lastKnownFileType = sourcecode.swift; path = EventKitProviderSetReminderRecurrence.swift; sourceTree = "<group>"; };
		E146F0FCF53C1EC00B261451 /* PermissionsSettingsView.swift */ = {isa = PBXFileReference; lastKnownFileType = sourcecode.swift; path = PermissionsSettingsView.swift; sourceTree = "<group>"; };
		E224F208FD66F6E2AB39E184 /* MockLaunchAtLoginService.swift */ = {isa = PBXFileReference; lastKnownFileType = sourcecode.swift; path = MockLaunchAtLoginService.swift; sourceTree = "<group>"; };
		E29DC5AC86A8F834C9C4375D /* EventKitProviderEventAlarmsValidationTests.swift */ = {isa = PBXFileReference; lastKnownFileType = sourcecode.swift; path = EventKitProviderEventAlarmsValidationTests.swift; sourceTree = "<group>"; };
		E34219B8B60B71D0C64C81F8 /* EventKitProviderCreateEvent.swift */ = {isa = PBXFileReference; lastKnownFileType = sourcecode.swift; path = EventKitProviderCreateEvent.swift; sourceTree = "<group>"; };
		E38486672883F96441F42D87 /* EventKitProviderDelete.swift */ = {isa = PBXFileReference; lastKnownFileType = sourcecode.swift; path = EventKitProviderDelete.swift; sourceTree = "<group>"; };
		E67E426EFAB33A7A23E90338 /* AppStoreTests.swift */ = {isa = PBXFileReference; lastKnownFileType = sourcecode.swift; path = AppStoreTests.swift; sourceTree = "<group>"; };
		E6E8DA79BFB87C1E5EB17DE6 /* StalledEventKitStore.swift */ = {isa = PBXFileReference; lastKnownFileType = sourcecode.swift; path = StalledEventKitStore.swift; sourceTree = "<group>"; };
		E7F5667783ACEA479011AB5F /* SMAppLaunchAtLoginService.swift */ = {isa = PBXFileReference; lastKnownFileType = sourcecode.swift; path = SMAppLaunchAtLoginService.swift; sourceTree = "<group>"; };
		E92E78E13D38DCD36E0C4AAF /* RemindersPermissionChecking.swift */ = {isa = PBXFileReference; lastKnownFileType = sourcecode.swift; path = RemindersPermissionChecking.swift; sourceTree = "<group>"; };
		E9BE21E08C8A28A2970B8FAB /* ServerStoreTests.swift */ = {isa = PBXFileReference; lastKnownFileType = sourcecode.swift; path = ServerStoreTests.swift; sourceTree = "<group>"; };
		EC41FD68BF0BAD78C417BECE /* AppleProviderBridge.swift */ = {isa = PBXFileReference; lastKnownFileType = sourcecode.swift; path = AppleProviderBridge.swift; sourceTree = "<group>"; };
		EFD062DDD5CCB96FA944178E /* EventKitDeserializationEvent.swift */ = {isa = PBXFileReference; lastKnownFileType = sourcecode.swift; path = EventKitDeserializationEvent.swift; sourceTree = "<group>"; };
		F05C246209CCD36F08E9FF8A /* SettingsStoreLaunchAtLoginTests.swift */ = {isa = PBXFileReference; lastKnownFileType = sourcecode.swift; path = SettingsStoreLaunchAtLoginTests.swift; sourceTree = "<group>"; };
		F14ACC25EBB3AA6729012771 /* apple_bridge_core.xcframework */ = {isa = PBXFileReference; lastKnownFileType = wrapper.xcframework; name = apple_bridge_core.xcframework; path = AppleBridgeCore/apple_bridge_core.xcframework; sourceTree = "<group>"; };
		F44E65FBBCEB4E6825FCE03C /* MenuBarPopoverView.swift */ = {isa = PBXFileReference; lastKnownFileType = sourcecode.swift; path = MenuBarPopoverView.swift; sourceTree = "<group>"; };
		F63C4A36971DB8F9CADA7306 /* EventKitProviderCreateCalendar.swift */ = {isa = PBXFileReference; lastKnownFileType = sourcecode.swift; path = EventKitProviderCreateCalendar.swift; sourceTree = "<group>"; };
		FA8959227DB90C4148572276 /* UsageAuditExport.swift */ = {isa = PBXFileReference; lastKnownFileType = sourcecode.swift; path = UsageAuditExport.swift; sourceTree = "<group>"; };
		FB687A7DAFC334F2F543BB5C /* EventKitProviderDeleteEvent.swift */ = {isa = PBXFileReference; lastKnownFileType = sourcecode.swift; path = EventKitProviderDeleteEvent.swift; sourceTree = "<group>"; };
		FB9393CD505D3B5B10502571 /* EventKitProviderSearchEventsTests.swift */ = {isa = PBXFileReference; lastKnownFileType = sourcecode.swift; path = EventKitProviderSearchEventsTests.swift; sourceTree = "<group>"; };
		FC32956F161D827139DE8DEE /* EventKitProviderListEventsTests.swift */ = {isa = PBXFileReference; lastKnownFileType = sourcecode.swift; path = EventKitProviderListEventsTests.swift; sourceTree = "<group>"; };
		FC97BDFF38A3E96C7D394697 /* EventKitProviderTentativeInvitationValidationTests.swift */ = {isa = PBXFileReference; lastKnownFileType = sourcecode.swift; path = EventKitProviderTentativeInvitationValidationTests.swift; sourceTree = "<group>"; };
		FF82FBD77A790371CF51BC49 /* MockEventKitStoreEvents.swift */ = {isa = PBXFileReference; lastKnownFileType = sourcecode.swift; path = MockEventKitStoreEvents.swift; sourceTree = "<group>"; };
/* End PBXFileReference section */

/* Begin PBXFrameworksBuildPhase section */
		3CC7B226AB21A1F708F6CA2D /* Frameworks */ = {
			isa = PBXFrameworksBuildPhase;
			buildActionMask = 2147483647;
			files = (
				1D62440B437C5B5D6DD2F200 /* apple_bridge_core.xcframework in Frameworks */,
				E5898D3B4EE13617A2532557 /* ServiceManagement.framework in Frameworks */,
			);
			runOnlyForDeploymentPostprocessing = 0;
		};
/* End PBXFrameworksBuildPhase section */

/* Begin PBXGroup section */
		0146F89EFAB0DF5F2EC0C1B8 /* Design */ = {
			isa = PBXGroup;
			children = (
				D51F216FFD5D6B9C45664979 /* SettingsDesign.swift */,
				99C0185B2328E52AB5EBDD1D /* StatusIndicator.swift */,
			);
			path = Design;
			sourceTree = "<group>";
		};
		204749CD19AA8AD4DCE0E157 /* Products */ = {
			isa = PBXGroup;
			children = (
				CF8C2D151839110223826CC7 /* AppleBridge.app */,
				081813B141909245E342F20A /* AppleBridgeTests.xctest */,
			);
			name = Products;
			sourceTree = "<group>";
		};
		27D0722E33C2A713E104325F /* AppleBridgeTests */ = {
			isa = PBXGroup;
			children = (
				8CEB0E9A615144A5BD9EAA05 /* APIKeyFormattingTests.swift */,
				C9971421EB83DA709A01E372 /* AppleProviderBridgeDeleteListTests.swift */,
				A38731056AA8C2298134E5C0 /* AppleProviderBridgeDeleteTests.swift */,
				C040AB5B7D9582371C5B5FDA /* AppleProviderBridgeEventTests.swift */,
				732F11CED2185A9CC3DDE300 /* AppleProviderBridgeListCalendarsTests.swift */,
				50CE5059348156C983077237 /* AppleProviderBridgeRecurrenceTests.swift */,
				061BA2725CA72D643E140494 /* AppleProviderBridgeTests.swift */,
				A0E5B28D470673A0A4AA09CB /* AppSettingsTests.swift */,
				E67E426EFAB33A7A23E90338 /* AppStoreTests.swift */,
				2EBE8594105150B6E2239FFF /* Arm64OnlyBuildConfigurationTests.swift */,
				168914F1F0FC6DAF5013D981 /* BearerTokenStoreTests.swift */,
				5E28A832B6850DD201DF12F8 /* BlockingRemindersPermissionService.swift */,
				3DBC31419078564A176C2D4A /* EventKitEventRecurrenceValidationTests.swift */,
				27239CDC73EEB0DA0B205F2C /* EventKitInvitationResponseTests.swift */,
				B2C3D4E5F60718293A4C1D2 /* LiveEventKitStoreInvitationContractTests.swift */,
				5A04BC282628F5763B7A7FEB /* EventKitProviderAcceptInvitationTests.swift */,
				5CDC70FFD130AF7BE5A9960B /* EventKitProviderAcceptInvitationValidationTests.swift */,
				8659E1DA31D65D3506F10F7F /* EventKitProviderAlarmsTests.swift */,
				B4603D781F6A3C2778C7189C /* EventKitProviderAlarmsValidationTests.swift */,
				C1FE25708EAD3205C02EC1CE /* EventKitProviderCompleteTests.swift */,
				463284729AA5BBBA14456CE1 /* EventKitProviderCompleteValidationTests.swift */,
				9DAD79CB0F0D15F4FB3AB40B /* EventKitProviderCreateCalendarTests.swift */,
				84179012D708333C3051B0DD /* EventKitProviderCreateEventTests.swift */,
				1F0F8BA25F2C9E3CCF515773 /* EventKitProviderCreateListTests.swift */,
				A6B1BF51F48B89CE4035DA11 /* EventKitProviderCreateTests.swift */,
				828BF65E947F980064F26AAA /* EventKitProviderCreateValidationTests.swift */,
				9694E2FA2117F05B1BDD8C75 /* EventKitProviderDeclineInvitationTests.swift */,
				AB88B3290D350846378161A8 /* EventKitProviderDeclineInvitationValidationTests.swift */,
				38E6DCCAD741CAD84FF26E25 /* EventKitProviderDeleteCalendarTests.swift */,
				4591092F08ED8B5524427429 /* EventKitProviderDeleteEventTests.swift */,
				BB5725AC3EF3A3512E570F14 /* EventKitProviderDeleteEventValidationTests.swift */,
				8845608742FA7223A013EA89 /* EventKitProviderDeleteListTests.swift */,
				04B331D45BCC4BD36027AFD5 /* EventKitProviderDeleteTests.swift */,
				D2FF282259C0953C9A35EB77 /* EventKitProviderDeleteValidationTests.swift */,
				4F4CEBDC49640FB447035B90 /* EventKitProviderEventAlarmsTests.swift */,
				E29DC5AC86A8F834C9C4375D /* EventKitProviderEventAlarmsValidationTests.swift */,
				6BA0935ACEEE5E8CF44B7032 /* EventKitProviderEventRecurrenceTests.swift */,
				D6AA7BD4CD9EFDCFE5A909F8 /* EventKitProviderGetEventTests.swift */,
				CD0CEFEB4579E8EE1448E86B /* EventKitProviderListCalendarsTests.swift */,
				FC32956F161D827139DE8DEE /* EventKitProviderListEventsTests.swift */,
				365678768DB6014A1A7C0A6F /* EventKitProviderMoveEventTests.swift */,
				9E4AE1340128E20BBF808520 /* EventKitProviderMoveEventValidationTests.swift */,
				73342D5073AEE45C4C353AA4 /* EventKitProviderMoveTests.swift */,
				C74034B4461DB8E6CA8815C1 /* EventKitProviderMoveValidationTests.swift */,
				16F4FA1F3DCDD6B82C566093 /* EventKitProviderRecurrenceTests.swift */,
				FB9393CD505D3B5B10502571 /* EventKitProviderSearchEventsTests.swift */,
				6466A5FC8E28C5BE7E18F19F /* EventKitProviderTentativeInvitationTests.swift */,
				FC97BDFF38A3E96C7D394697 /* EventKitProviderTentativeInvitationValidationTests.swift */,
				2129FE8EDB586593AB94360F /* EventKitProviderTests.swift */,
				2DFB3FA8EB87511511E3F5E9 /* EventKitProviderUpdateCalendarTests.swift */,
				865CFF7F36678A7CF913AE3C /* EventKitProviderUpdateEventTests.swift */,
				D102C3F21E2E6956E4E36E7C /* EventKitProviderUpdateEventValidationTests.swift */,
				66AEA197502DCE5D0A82066F /* EventKitProviderUpdateTests.swift */,
				A474AA4DA74F6A5010AC742C /* EventKitProviderUpdateValidationTests.swift */,
				BD56CCFE11280BE3CA9EAC63 /* EventKitRecurrenceValidationTests.swift */,
				542285A0192308558D48432B /* EventKitSerializationEventTests.swift */,
				DA10FBBA3E71A83884C01863 /* EventKitSerializationTests.swift */,
				C723EF9225492B1A29DD1228 /* EventKitTestSupport.swift */,
				E8A1B2C3D4E5F60718293A4B /* EventKitMockParticipantSupport.swift */,
				885CAED8B8050BBC816094D4 /* EventsPermissionServiceTests.swift */,
				5EBBF81C3509780ADC778473 /* KeychainServiceIntegrationTests.swift */,
				2F9E835DF7BD9E1609D3DBF9 /* MockBearerTokenStore.swift */,
				97D1FABE02F2CD00445E6D0C /* MockEventKitStore.swift */,
				FF82FBD77A790371CF51BC49 /* MockEventKitStoreEvents.swift */,
				931F9D175974B601A2043738 /* MockEventKitStoreInvitations.swift */,
				D047BA5703F04B7C39F0F545 /* MockEventsPermissionService.swift */,
				E224F208FD66F6E2AB39E184 /* MockLaunchAtLoginService.swift */,
				63792628A5888C7C9A103AFA /* MockRemindersPermissionService.swift */,
				0B39750CFA69109FBBE0899B /* MockServerService.swift */,
				86823620FB198FFCB3167A11 /* MockURLOpener.swift */,
				05D37BAEC8A9B5B70BE008DE /* PermissionsStoreTests.swift */,
				7B4D56A8BE9577545A4ACEF9 /* RemindersPermissionServiceTests.swift */,
				1F7F3698A6C4B83BE5E94F35 /* RemindersPermissionStatusReconciliationTests.swift */,
				0FFBE570B33CADFC64D6A7A3 /* RemindersPermissionStatusTests.swift */,
				27D3CEABF33D27B04DBE589C /* ServerConfigCapabilitiesTests.swift */,
				E9BE21E08C8A28A2970B8FAB /* ServerStoreTests.swift */,
				C95A9769548583CA2BD3F783 /* SettingsStoreCalendarCapabilitiesTests.swift */,
				F05C246209CCD36F08E9FF8A /* SettingsStoreLaunchAtLoginTests.swift */,
				1A08A7B375756F6E1F29C647 /* SettingsStoreTests.swift */,
				714829BCE2C74FD3E94FAE4A /* SettingsStoreUsageAuditTests.swift */,
				A55461E0BD369ADDC25FAFC1 /* SettingsStoreUsageLoggingTests.swift */,
				CF9F62B5834A3345F997495F /* StaleRemindersPermissionService.swift */,
				E6E8DA79BFB87C1E5EB17DE6 /* StalledEventKitStore.swift */,
				3DD0D0D3E9DB88F6F3340E34 /* UsageAuditExportTests.swift */,
			);
			path = AppleBridgeTests;
			sourceTree = "<group>";
		};
		343C8CBBD7B246AD442FE5A5 /* Services */ = {
			isa = PBXGroup;
			children = (
				02B065B605C800213EF61640 /* apple_bridge_core.swift */,
				32A79D84706744C840F4647C /* EventsPermissionChecking.swift */,
				65703A74E345520B7DC8C401 /* EventsPermissionService.swift */,
				D2AF683581041C37901C5610 /* KeychainService.swift */,
				A1CD2B4B95605CD09F6E7E83 /* LaunchAtLoginManaging.swift */,
				E92E78E13D38DCD36E0C4AAF /* RemindersPermissionChecking.swift */,
				4A72D4B9CEB174F696205046 /* RemindersPermissionService.swift */,
				4C9DF95CA183051C14B3954E /* RemindersPermissionStatusReconciliation.swift */,
				34F173AAC105177E71E9A236 /* ServerService.swift */,
				B34332B87B622ABB41D06752 /* ServerServing.swift */,
				E7F5667783ACEA479011AB5F /* SMAppLaunchAtLoginService.swift */,
				0157FC066C71802B00A6F481 /* URLOpening.swift */,
			);
			path = Services;
			sourceTree = "<group>";
		};
		63ABDAABA163B13CA550021A /* AppleBridge */ = {
			isa = PBXGroup;
			children = (
				0E736EBC887B0A73475652F3 /* AppleBridgeApp.swift */,
				B85F46CDAA3C988BFBBC89D3 /* Models */,
				82FE345540F8405EE8D7D776 /* Providers */,
				343C8CBBD7B246AD442FE5A5 /* Services */,
				9EE87D212E53CCC734294348 /* Views */,
			);
			path = AppleBridge;
			sourceTree = "<group>";
		};
		82FE345540F8405EE8D7D776 /* Providers */ = {
			isa = PBXGroup;
			children = (
				EC41FD68BF0BAD78C417BECE /* AppleProviderBridge.swift */,
				A187C96D1A5453928449B7E1 /* EventKit */,
			);
			path = Providers;
			sourceTree = "<group>";
		};
		9EE87D212E53CCC734294348 /* Views */ = {
			isa = PBXGroup;
			children = (
				F44E65FBBCEB4E6825FCE03C /* MenuBarPopoverView.swift */,
				DC6D13B9D277CB89094F9728 /* Settings */,
			);
			path = Views;
			sourceTree = "<group>";
		};
		A187C96D1A5453928449B7E1 /* EventKit */ = {
			isa = PBXGroup;
			children = (
				A429EB5FE5384A20ECA19397 /* EventKitDeserialization.swift */,
				8C810FA4ED893ADE6FF771DC /* EventKitDeserializationAlarms.swift */,
				49492AC0B653C9E1D649F4F5 /* EventKitDeserializationCalendar.swift */,
				EFD062DDD5CCB96FA944178E /* EventKitDeserializationEvent.swift */,
				6D195461D77501BE91ED2E00 /* EventKitDeserializationRecurrence.swift */,
				8D68D6C14A028B9798D87748 /* EventKitInvitationResponse.swift */,
				D2B9116F294A471D608AE114 /* EventKitProvider.swift */,
				4C2A0117DFC05E6124FC81AF /* EventKitProviderAcceptInvitation.swift */,
				1049F7ED134ECF8E2E7B5419 /* EventKitProviderComplete.swift */,
				13926FC196E096123C63EBA7 /* EventKitProviderCreate.swift */,
				F63C4A36971DB8F9CADA7306 /* EventKitProviderCreateCalendar.swift */,
				E34219B8B60B71D0C64C81F8 /* EventKitProviderCreateEvent.swift */,
				4BD928B033E86D4CD99874FD /* EventKitProviderCreateList.swift */,
				11FB05FA5E0C5CC2B3971248 /* EventKitProviderDeclineInvitation.swift */,
				E38486672883F96441F42D87 /* EventKitProviderDelete.swift */,
				0AC4F47EEC19C9639CE04BFD /* EventKitProviderDeleteCalendar.swift */,
				FB687A7DAFC334F2F543BB5C /* EventKitProviderDeleteEvent.swift */,
				14A6BD3A51BDB1798F29CD93 /* EventKitProviderDeleteList.swift */,
				5E5BE2975C32E84036198873 /* EventKitProviderEventSerialization.swift */,
				ABA761A62E110F5AA0D9D852 /* EventKitProviderGetEvent.swift */,
				D8D7FBE979E9882A8C8413E0 /* EventKitProviderListCalendars.swift */,
				ACFBEE0223231412B9E7B9ED /* EventKitProviderListEvents.swift */,
				76CF5BE2271C76FA3399537A /* EventKitProviderMove.swift */,
				7123568FF31477E464AF0185 /* EventKitProviderMoveEvent.swift */,
				5D04004128DAAE984C422462 /* EventKitProviderMutationRouting.swift */,
				B52713D02646BCEE669428C9 /* EventKitProviderReadRouting.swift */,
				8EAAF998A648D316CBAFCF8D /* EventKitProviderSearch.swift */,
				3FC6C532EED545584294C1CC /* EventKitProviderSearchEvents.swift */,
				A8619B82D0F51DDA20F931D9 /* EventKitProviderSetEventAlarms.swift */,
				57E6819F262FD83E8907E9C9 /* EventKitProviderSetEventRecurrence.swift */,
				A02946BC8373CE8BE1CFA884 /* EventKitProviderSetReminderAlarms.swift */,
				DC10922DFD9D5482C92FFF02 /* EventKitProviderSetReminderRecurrence.swift */,
				A43691591D75809613F12854 /* EventKitProviderTentativeInvitation.swift */,
				C3F7B23B42E794085F6CB25B /* EventKitProviderUpdate.swift */,
				5FFDE8B0F5C9F57E6A318079 /* EventKitProviderUpdateCalendar.swift */,
				449918B5D20FD9DDA194BA73 /* EventKitProviderUpdateEvent.swift */,
				BF6AA33A69D9B10B8E37A6AD /* EventKitReminderFetch.swift */,
				5CD184989F652AAD52E9C87E /* EventKitSerialization.swift */,
				BE88F5FCA6B9B2EE73A19B25 /* EventKitSerializationEnumStrings.swift */,
				87490A1BE49FD2FA3543DFC7 /* LiveEventKitStoreInvitations.swift */,
			);
			path = EventKit;
			sourceTree = "<group>";
		};
		B85F46CDAA3C988BFBBC89D3 /* Models */ = {
			isa = PBXGroup;
			children = (
				13B65A129383F53A6EDB25AF /* APIKeyFormatting.swift */,
				9C224AE2776660B310EFD1C9 /* AppSettings.swift */,
				B1248AB2AF2E733A7DBF3FFF /* AppStore.swift */,
				BA6F7802E2EB5A93A94519D5 /* CapabilityCatalog.swift */,
				5E2D8AFFF6004C50652089B5 /* PermissionsStore.swift */,
				3621DF968442AD3C3562EFAC /* RemindersPermissionStatus.swift */,
				BDFB66A9507777E0046175CD /* ServerRunState.swift */,
				840D41B480A50A2080E5AFAD /* ServerStore.swift */,
				258AB58BDB3B042D0FF6E698 /* SettingsStore.swift */,
				FA8959227DB90C4148572276 /* UsageAuditExport.swift */,
			);
			path = Models;
			sourceTree = "<group>";
		};
		BFBC2E392EBA57308AC5F8A8 /* Frameworks */ = {
			isa = PBXGroup;
			children = (
				F14ACC25EBB3AA6729012771 /* apple_bridge_core.xcframework */,
				45B580B922B7E847CC513FC1 /* ServiceManagement.framework */,
			);
			name = Frameworks;
			sourceTree = "<group>";
		};
		C445D3CF93AA6A3A8FE7DA58 = {
			isa = PBXGroup;
			children = (
				63ABDAABA163B13CA550021A /* AppleBridge */,
				27D0722E33C2A713E104325F /* AppleBridgeTests */,
				BFBC2E392EBA57308AC5F8A8 /* Frameworks */,
				204749CD19AA8AD4DCE0E157 /* Products */,
			);
			sourceTree = "<group>";
		};
		DC6D13B9D277CB89094F9728 /* Settings */ = {
			isa = PBXGroup;
			children = (
				B889DDADD64B031F0AE6CE1C /* DiagnosticsSettingsView.swift */,
				D9E21358C562DC754EF1E627 /* MCPSettingsView.swift */,
				E146F0FCF53C1EC00B261451 /* PermissionsSettingsView.swift */,
				C453F98EBE5CA0E0631FE443 /* SettingsWindowView.swift */,
				0146F89EFAB0DF5F2EC0C1B8 /* Design */,
			);
			path = Settings;
			sourceTree = "<group>";
		};
/* End PBXGroup section */

/* Begin PBXNativeTarget section */
		B1275429C5D5C1BA305125EE /* AppleBridge */ = {
			isa = PBXNativeTarget;
			buildConfigurationList = 936AC568B359137E34DA637C /* Build configuration list for PBXNativeTarget "AppleBridge" */;
			buildPhases = (
				0E1945A6D9EF59FFC193D471 /* Sources */,
				3CC7B226AB21A1F708F6CA2D /* Frameworks */,
			);
			buildRules = (
			);
			dependencies = (
			);
			name = AppleBridge;
			packageProductDependencies = (
			);
			productName = AppleBridge;
			productReference = CF8C2D151839110223826CC7 /* AppleBridge.app */;
			productType = "com.apple.product-type.application";
		};
		DC50FDFA6DE3F2620D8C038A /* AppleBridgeTests */ = {
			isa = PBXNativeTarget;
			buildConfigurationList = 165D66E0903446C388CA258B /* Build configuration list for PBXNativeTarget "AppleBridgeTests" */;
			buildPhases = (
				4475CCBC04D98C9251CD9209 /* Sources */,
			);
			buildRules = (
			);
			dependencies = (
				BC2FBA4A524D5A485E9287AF /* PBXTargetDependency */,
			);
			name = AppleBridgeTests;
			packageProductDependencies = (
			);
			productName = AppleBridgeTests;
			productReference = 081813B141909245E342F20A /* AppleBridgeTests.xctest */;
			productType = "com.apple.product-type.bundle.unit-test";
		};
/* End PBXNativeTarget section */

/* Begin PBXProject section */
		0759E49E4001643275E5DB00 /* Project object */ = {
			isa = PBXProject;
			attributes = {
				BuildIndependentTargetsInParallel = YES;
				LastUpgradeCheck = 1430;
				TargetAttributes = {
				};
			};
			buildConfigurationList = D8F61000AFFF9D70507CD3D0 /* Build configuration list for PBXProject "AppleBridge" */;
			developmentRegion = en;
			hasScannedForEncodings = 0;
			knownRegions = (
				Base,
				en,
			);
			mainGroup = C445D3CF93AA6A3A8FE7DA58;
			minimizedProjectReferenceProxies = 1;
			preferredProjectObjectVersion = 77;
			productRefGroup = 204749CD19AA8AD4DCE0E157 /* Products */;
			projectDirPath = "";
			projectRoot = "";
			targets = (
				B1275429C5D5C1BA305125EE /* AppleBridge */,
				DC50FDFA6DE3F2620D8C038A /* AppleBridgeTests */,
			);
		};
/* End PBXProject section */

/* Begin PBXSourcesBuildPhase section */
		0E1945A6D9EF59FFC193D471 /* Sources */ = {
			isa = PBXSourcesBuildPhase;
			buildActionMask = 2147483647;
			files = (
				BFA73037E12473965BED9092 /* APIKeyFormatting.swift in Sources */,
				9D86470277D630C802BC1216 /* AppSettings.swift in Sources */,
				FBDCC9E111323867A97D6810 /* AppStore.swift in Sources */,
				695314C514070291FDE34E03 /* AppleBridgeApp.swift in Sources */,
				443320E7C46B01BAAA95E468 /* AppleProviderBridge.swift in Sources */,
				F66991A94B9311BEADDAAAAA /* CapabilityCatalog.swift in Sources */,
				F2D8E0D6F84F3D116343430B /* DiagnosticsSettingsView.swift in Sources */,
				74F7868D81D42B3DC5701F86 /* EventKitDeserialization.swift in Sources */,
				8F2E496FC5DFA996CF0A4AB5 /* EventKitDeserializationAlarms.swift in Sources */,
				B80F14C5B754A0276C38DABB /* EventKitDeserializationCalendar.swift in Sources */,
				CDDAAF2C4691195A62DCAE71 /* EventKitDeserializationEvent.swift in Sources */,
				AA71B56C27E415C608F12CCA /* EventKitDeserializationRecurrence.swift in Sources */,
				47BE5793E0D566CCC6407996 /* EventKitInvitationResponse.swift in Sources */,
				B7C032A7A55F0B43103E2D11 /* EventKitProvider.swift in Sources */,
				29743B323E2CABF519619B1E /* EventKitProviderAcceptInvitation.swift in Sources */,
				ADC046FA741ED5A45DA96737 /* EventKitProviderComplete.swift in Sources */,
				C45634D6199ED09788343744 /* EventKitProviderCreate.swift in Sources */,
				580E79409C553EC530495DDB /* EventKitProviderCreateCalendar.swift in Sources */,
				F45E17576ADCA99FBCC40E54 /* EventKitProviderCreateEvent.swift in Sources */,
				41E7D796EF24A3239CBCD1BA /* EventKitProviderCreateList.swift in Sources */,
				A9AA6F6AC3438A02FB07B3D6 /* EventKitProviderDeclineInvitation.swift in Sources */,
				3BB438EA6EEC4146B49CC5B7 /* EventKitProviderDelete.swift in Sources */,
				7F4495A64320571C6C3CC308 /* EventKitProviderDeleteCalendar.swift in Sources */,
				9981B1BC016CE52D2FD0C4BA /* EventKitProviderDeleteEvent.swift in Sources */,
				751521436C6D5225CE6499A9 /* EventKitProviderDeleteList.swift in Sources */,
				4B3745DFD133DA91ABAAC1D6 /* EventKitProviderEventSerialization.swift in Sources */,
				96D65FF6E735083A83502209 /* EventKitProviderGetEvent.swift in Sources */,
				6AF4A06F85BA91E93362CB59 /* EventKitProviderListCalendars.swift in Sources */,
				3F8851FDC8D3A68CDE1A429E /* EventKitProviderListEvents.swift in Sources */,
				2498F41A8DA71959BBD8576B /* EventKitProviderMove.swift in Sources */,
				2147E9DA5D4499B72B2E4628 /* EventKitProviderMoveEvent.swift in Sources */,
				53EABF86C1DCF007638D2B07 /* EventKitProviderMutationRouting.swift in Sources */,
				6751D2DA58C4FB2447A9B102 /* EventKitProviderReadRouting.swift in Sources */,
				9949A7B8F7E877204D5EA257 /* EventKitProviderSearch.swift in Sources */,
				81BB3D04D0D4EFB8CDCEF963 /* EventKitProviderSearchEvents.swift in Sources */,
				8A919456F8A579AE70C1143E /* EventKitProviderSetEventAlarms.swift in Sources */,
				3C276DF61BE311108068B3C9 /* EventKitProviderSetEventRecurrence.swift in Sources */,
				0855DC366B8B2B13BF0E4ED3 /* EventKitProviderSetReminderAlarms.swift in Sources */,
				5C2C9DAFC9071F634A361538 /* EventKitProviderSetReminderRecurrence.swift in Sources */,
				0742CAA27E3D55663E694ACF /* EventKitProviderTentativeInvitation.swift in Sources */,
				EF1B1BAC4BA4A86B5511104C /* EventKitProviderUpdate.swift in Sources */,
				85A3248CCBBBFCB5A5EBAFC1 /* EventKitProviderUpdateCalendar.swift in Sources */,
				5594B53624BE7C557471BA22 /* EventKitProviderUpdateEvent.swift in Sources */,
				B3C196A20A3F4D38A4DB3906 /* EventKitReminderFetch.swift in Sources */,
				FF2FF22DF4DBCF348B3E9B14 /* EventKitSerialization.swift in Sources */,
				BE9B9023B523C56F5D03387C /* EventKitSerializationEnumStrings.swift in Sources */,
				B6B25F026F5922AD7F11C9D3 /* EventsPermissionChecking.swift in Sources */,
				D73EFA8C2E6B76205021E4EF /* EventsPermissionService.swift in Sources */,
				0697F960B91CDBE3A38D4F06 /* KeychainService.swift in Sources */,
				93A813E1503316FF142C1B8A /* LaunchAtLoginManaging.swift in Sources */,
				9E04CD5BDD7A4ADFBEE42806 /* LiveEventKitStoreInvitations.swift in Sources */,
				166364FE12D879C775551542 /* MCPSettingsView.swift in Sources */,
				42863111892B7945435D4B75 /* MenuBarPopoverView.swift in Sources */,
				D0627B3BB609AB3D217E0361 /* PermissionsSettingsView.swift in Sources */,
				EAB443B9E0D1073221E64D1D /* PermissionsStore.swift in Sources */,
				D6C3FDC3CBF50531768A2F68 /* RemindersPermissionChecking.swift in Sources */,
				A379FED46FA22BFE7EBA3232 /* RemindersPermissionService.swift in Sources */,
				0FF39115817D3F4FDA50D54F /* RemindersPermissionStatus.swift in Sources */,
				1F4BB55EF293A6A54AAE5138 /* RemindersPermissionStatusReconciliation.swift in Sources */,
				35D9BD56598AB3F89133F078 /* SMAppLaunchAtLoginService.swift in Sources */,
				9A4FBB19B2D1FD3D35609914 /* ServerRunState.swift in Sources */,
				891B0C6B5072C0C698412478 /* ServerService.swift in Sources */,
				6FD9E013BEB7C5CD1B98DC1E /* ServerServing.swift in Sources */,
				ABFBA2863CF018BC9FFA76F3 /* ServerStore.swift in Sources */,
				A3EE640C097E39E33E56693A /* SettingsDesign.swift in Sources */,
				523F9C90B3E102ED79EB9EA9 /* SettingsStore.swift in Sources */,
				BA971967C55DE01A0123591B /* SettingsWindowView.swift in Sources */,
				CE5FEA5F341DF203272C1953 /* StatusIndicator.swift in Sources */,
				F2E3B333069A6A0F678C189C /* URLOpening.swift in Sources */,
				EC7DBF7698C004AF8AC77AE7 /* UsageAuditExport.swift in Sources */,
				60FD0A8FF20E78B4EB93D578 /* apple_bridge_core.swift in Sources */,
			);
			runOnlyForDeploymentPostprocessing = 0;
		};
		4475CCBC04D98C9251CD9209 /* Sources */ = {
			isa = PBXSourcesBuildPhase;
			buildActionMask = 2147483647;
			files = (
				F1FEFB2989D7C1F3489A6D8B /* APIKeyFormattingTests.swift in Sources */,
				4D9E22B14A3EAACA6B189FFA /* AppSettingsTests.swift in Sources */,
				B093734CB3D64AC488A72A1C /* AppStoreTests.swift in Sources */,
				C764B769B53E60974DE2F894 /* AppleProviderBridgeDeleteListTests.swift in Sources */,
				0BD7CBFEBB80387242C0139A /* AppleProviderBridgeDeleteTests.swift in Sources */,
				87962E31A738295AA4E9EC58 /* AppleProviderBridgeEventTests.swift in Sources */,
				946E8C9D3E412127B69C8AE9 /* AppleProviderBridgeListCalendarsTests.swift in Sources */,
				18F58483DBF8A35A79732600 /* AppleProviderBridgeRecurrenceTests.swift in Sources */,
				DBEBE88FE028C1FF9AD723B4 /* AppleProviderBridgeTests.swift in Sources */,
				B66E1BBBCDCB37A806C439A6 /* Arm64OnlyBuildConfigurationTests.swift in Sources */,
				57D5BC3F0EDD74FC82266967 /* BearerTokenStoreTests.swift in Sources */,
				1E6CD3CB40F8C514854108E6 /* BlockingRemindersPermissionService.swift in Sources */,
				C77F1AA397C9434134BC6A38 /* EventKitEventRecurrenceValidationTests.swift in Sources */,
				E00E370F1BA717E092582F2B /* EventKitInvitationResponseTests.swift in Sources */,
				A1B2C3D4E5F60718293A4C1 /* LiveEventKitStoreInvitationContractTests.swift in Sources */,
				CDAB05794EDC6DA92D904694 /* EventKitProviderAcceptInvitationTests.swift in Sources */,
				ED65FAEB6191CAF1252A6A3B /* EventKitProviderAcceptInvitationValidationTests.swift in Sources */,
				C4E63EE6AA1423B9718AE67C /* EventKitProviderAlarmsTests.swift in Sources */,
				D7A562E546C1B1A6DC49513E /* EventKitProviderAlarmsValidationTests.swift in Sources */,
				49E2A763FC1A92117FD7BFC6 /* EventKitProviderCompleteTests.swift in Sources */,
				9F38A252CB43CAE72DF3DE70 /* EventKitProviderCompleteValidationTests.swift in Sources */,
				0FAFA18D86664E5D04AD8DBA /* EventKitProviderCreateCalendarTests.swift in Sources */,
				725354290E07802343D37D31 /* EventKitProviderCreateEventTests.swift in Sources */,
				292F09FB931DE105D4B8E8DA /* EventKitProviderCreateListTests.swift in Sources */,
				76B3E17D364672FA80673714 /* EventKitProviderCreateTests.swift in Sources */,
				0515F5EF57B616CCDCB79C16 /* EventKitProviderCreateValidationTests.swift in Sources */,
				9A16751A7CE45D7FE794A4DA /* EventKitProviderDeclineInvitationTests.swift in Sources */,
				12332B247B04594456E880CF /* EventKitProviderDeclineInvitationValidationTests.swift in Sources */,
				ECC23E7E8CE88CB704B2F0EB /* EventKitProviderDeleteCalendarTests.swift in Sources */,
				481046DDF735B66C25CAB542 /* EventKitProviderDeleteEventTests.swift in Sources */,
				C31C1E4411BA839A2572CC49 /* EventKitProviderDeleteEventValidationTests.swift in Sources */,
				93AC36DD535E2EFBE370F060 /* EventKitProviderDeleteListTests.swift in Sources */,
				0A06099D02A8C125810E28FA /* EventKitProviderDeleteTests.swift in Sources */,
				62A9A4C284EF8CD78CE46141 /* EventKitProviderDeleteValidationTests.swift in Sources */,
				E20E6013FFEDFAC9D6BCF8DF /* EventKitProviderEventAlarmsTests.swift in Sources */,
				50FD36AA7D5772E3FDA0B5B3 /* EventKitProviderEventAlarmsValidationTests.swift in Sources */,
				FEBAB791F0B64675601FE504 /* EventKitProviderEventRecurrenceTests.swift in Sources */,
				2D2DB4C45C969B8B0AA10BAB /* EventKitProviderGetEventTests.swift in Sources */,
				BFE899E7AD06ACFFCAEBB7E0 /* EventKitProviderListCalendarsTests.swift in Sources */,
				1F3E34D1AB56E22C02F699F7 /* EventKitProviderListEventsTests.swift in Sources */,
				DBD22F1788C194919301BFCF /* EventKitProviderMoveEventTests.swift in Sources */,
				18AD72490E7332F8FD107D1E /* EventKitProviderMoveEventValidationTests.swift in Sources */,
				4D75F2E2E6EBFD7A13843FA0 /* EventKitProviderMoveTests.swift in Sources */,
				A51734E048FC4A0CE3AE7C24 /* EventKitProviderMoveValidationTests.swift in Sources */,
				1943BC5DE5E6DCEFF61B71BF /* EventKitProviderRecurrenceTests.swift in Sources */,
				DAFE23759AD9FE42351DA54E /* EventKitProviderSearchEventsTests.swift in Sources */,
				7E515E6F1ECB4195A159B304 /* EventKitProviderTentativeInvitationTests.swift in Sources */,
				070C660957D06D347B3ED12C /* EventKitProviderTentativeInvitationValidationTests.swift in Sources */,
				B0BC84F142BD96E436D64C00 /* EventKitProviderTests.swift in Sources */,
				0BC5C5AF35904D5E489C9120 /* EventKitProviderUpdateCalendarTests.swift in Sources */,
				0D6D7BFF9BD7812A798E0C75 /* EventKitProviderUpdateEventTests.swift in Sources */,
				332F91499F2FF03A49F0D207 /* EventKitProviderUpdateEventValidationTests.swift in Sources */,
				18497060E6B40C9182D910FB /* EventKitProviderUpdateTests.swift in Sources */,
				16E629C5FE2EA7A09A14AB9B /* EventKitProviderUpdateValidationTests.swift in Sources */,
				EA9A6791225C7818ABFB94C0 /* EventKitRecurrenceValidationTests.swift in Sources */,
				C2A2BAB2921416BFE8404015 /* EventKitSerializationEventTests.swift in Sources */,
				A1EDC7283BF01F3D249DB758 /* EventKitSerializationTests.swift in Sources */,
				DB666ECE2D4B76B9BA2CFD94 /* EventKitTestSupport.swift in Sources */,
				F1A2B3C4D5E6F708192A3B4C /* EventKitMockParticipantSupport.swift in Sources */,
				96E3CF5D4BADF9D384DFEE46 /* EventsPermissionServiceTests.swift in Sources */,
				5C432A6AE607A30E352C4192 /* KeychainServiceIntegrationTests.swift in Sources */,
				AE4477865F7B0D003BC3B530 /* MockBearerTokenStore.swift in Sources */,
				9BD92CCD16EE90EEC938EF97 /* MockEventKitStore.swift in Sources */,
				633BE362CAC04A174381C363 /* MockEventKitStoreEvents.swift in Sources */,
				9F004688C5D34FB4AD690B54 /* MockEventKitStoreInvitations.swift in Sources */,
				EC26573493CD060DE7447352 /* MockEventsPermissionService.swift in Sources */,
				5E96C2ADAAD9666DEDFCC773 /* MockLaunchAtLoginService.swift in Sources */,
				22A1A27010210BCA212E7589 /* MockRemindersPermissionService.swift in Sources */,
				5BBE5DD0F85E3B370FACD2A8 /* MockServerService.swift in Sources */,
				6051BD7549D7FF560C068E9E /* MockURLOpener.swift in Sources */,
				714D4E2C8A4606615A72C4AE /* PermissionsStoreTests.swift in Sources */,
				211C63E134B8A7F93CE38338 /* RemindersPermissionServiceTests.swift in Sources */,
				00D7E4FBDAEA263F5B1DC745 /* RemindersPermissionStatusReconciliationTests.swift in Sources */,
				65F8730E6F95FE7B7F9D6BF0 /* RemindersPermissionStatusTests.swift in Sources */,
				AEB9B5EF550B836B5DF13EF4 /* ServerConfigCapabilitiesTests.swift in Sources */,
				D90613D97CA2526890DDD29B /* ServerStoreTests.swift in Sources */,
				766427D159C784E02A57736A /* SettingsStoreCalendarCapabilitiesTests.swift in Sources */,
				657F8AC7B0E5582CA6335754 /* SettingsStoreLaunchAtLoginTests.swift in Sources */,
				A1EE361B7F39E414D73D4158 /* SettingsStoreTests.swift in Sources */,
				19315F8529FAE60A222E4738 /* SettingsStoreUsageAuditTests.swift in Sources */,
				C52983C00DA6F97A5D2C1FF6 /* SettingsStoreUsageLoggingTests.swift in Sources */,
				A596D73AC23907B0E888FEB0 /* StaleRemindersPermissionService.swift in Sources */,
				14EEE63F84E039A033483CF5 /* StalledEventKitStore.swift in Sources */,
				DDA894C58581E8032244F83E /* UsageAuditExportTests.swift in Sources */,
			);
			runOnlyForDeploymentPostprocessing = 0;
		};
/* End PBXSourcesBuildPhase section */

/* Begin PBXTargetDependency section */
		BC2FBA4A524D5A485E9287AF /* PBXTargetDependency */ = {
			isa = PBXTargetDependency;
			target = B1275429C5D5C1BA305125EE /* AppleBridge */;
			targetProxy = 47671BEA8C46C43950782872 /* PBXContainerItemProxy */;
		};
/* End PBXTargetDependency section */

/* Begin XCBuildConfiguration section */
		25BD9B2889ECA2038F180B9B /* Debug */ = {
			isa = XCBuildConfiguration;
			buildSettings = {
				BUNDLE_LOADER = "$(TEST_HOST)";
				COMBINE_HIDPI_IMAGES = YES;
				GENERATE_INFOPLIST_FILE = YES;
				LD_RUNPATH_SEARCH_PATHS = (
					"$(inherited)",
					"@executable_path/../Frameworks",
					"@loader_path/../Frameworks",
				);
				PRODUCT_BUNDLE_IDENTIFIER = com.applebridge.AppleBridgeTests;
				SDKROOT = macosx;
				TEST_HOST = "$(BUILT_PRODUCTS_DIR)/AppleBridge.app/Contents/MacOS/AppleBridge";
			};
			name = Debug;
		};
		4EF98069CB96C74FA95C1719 /* Debug */ = {
			isa = XCBuildConfiguration;
			buildSettings = {
				ALWAYS_SEARCH_USER_PATHS = NO;
				ARCHS = arm64;
				CLANG_ANALYZER_NONNULL = YES;
				CLANG_ANALYZER_NUMBER_OBJECT_CONVERSION = YES_AGGRESSIVE;
				CLANG_CXX_LANGUAGE_STANDARD = "gnu++14";
				CLANG_CXX_LIBRARY = "libc++";
				CLANG_ENABLE_MODULES = YES;
				CLANG_ENABLE_OBJC_ARC = YES;
				CLANG_ENABLE_OBJC_WEAK = YES;
				CLANG_WARN_BLOCK_CAPTURE_AUTORELEASING = YES;
				CLANG_WARN_BOOL_CONVERSION = YES;
				CLANG_WARN_COMMA = YES;
				CLANG_WARN_CONSTANT_CONVERSION = YES;
				CLANG_WARN_DEPRECATED_OBJC_IMPLEMENTATIONS = YES;
				CLANG_WARN_DIRECT_OBJC_ISA_USAGE = YES_ERROR;
				CLANG_WARN_DOCUMENTATION_COMMENTS = YES;
				CLANG_WARN_EMPTY_BODY = YES;
				CLANG_WARN_ENUM_CONVERSION = YES;
				CLANG_WARN_INFINITE_RECURSION = YES;
				CLANG_WARN_INT_CONVERSION = YES;
				CLANG_WARN_NON_LITERAL_NULL_CONVERSION = YES;
				CLANG_WARN_OBJC_IMPLICIT_RETAIN_SELF = YES;
				CLANG_WARN_OBJC_LITERAL_CONVERSION = YES;
				CLANG_WARN_OBJC_ROOT_CLASS = YES_ERROR;
				CLANG_WARN_QUOTED_INCLUDE_IN_FRAMEWORK_HEADER = YES;
				CLANG_WARN_RANGE_LOOP_ANALYSIS = YES;
				CLANG_WARN_STRICT_PROTOTYPES = YES;
				CLANG_WARN_SUSPICIOUS_MOVE = YES;
				CLANG_WARN_UNGUARDED_AVAILABILITY = YES_AGGRESSIVE;
				CLANG_WARN_UNREACHABLE_CODE = YES;
				CLANG_WARN__DUPLICATE_METHOD_MATCH = YES;
				COPY_PHASE_STRIP = NO;
				DEBUG_INFORMATION_FORMAT = dwarf;
				ENABLE_STRICT_OBJC_MSGSEND = YES;
				ENABLE_TESTABILITY = YES;
				EXCLUDED_ARCHS = x86_64;
				GCC_C_LANGUAGE_STANDARD = gnu11;
				GCC_DYNAMIC_NO_PIC = NO;
				GCC_NO_COMMON_BLOCKS = YES;
				GCC_OPTIMIZATION_LEVEL = 0;
				GCC_PREPROCESSOR_DEFINITIONS = (
					"$(inherited)",
					"DEBUG=1",
				);
				GCC_WARN_64_TO_32_BIT_CONVERSION = YES;
				GCC_WARN_ABOUT_RETURN_TYPE = YES_ERROR;
				GCC_WARN_UNDECLARED_SELECTOR = YES;
				GCC_WARN_UNINITIALIZED_AUTOS = YES_AGGRESSIVE;
				GCC_WARN_UNUSED_FUNCTION = YES;
				GCC_WARN_UNUSED_VARIABLE = YES;
				MACOSX_DEPLOYMENT_TARGET = 26.0;
				MTL_ENABLE_DEBUG_INFO = INCLUDE_SOURCE;
				MTL_FAST_MATH = YES;
				ONLY_ACTIVE_ARCH = YES;
				PRODUCT_NAME = "$(TARGET_NAME)";
				SDKROOT = macosx;
				SWIFT_ACTIVE_COMPILATION_CONDITIONS = DEBUG;
				SWIFT_OPTIMIZATION_LEVEL = "-Onone";
				SWIFT_STRICT_CONCURRENCY = complete;
				SWIFT_VERSION = 6.0;
			};
			name = Debug;
		};
		62C720BB5C672974A6A3D628 /* Release */ = {
			isa = XCBuildConfiguration;
			buildSettings = {
				BUNDLE_LOADER = "$(TEST_HOST)";
				COMBINE_HIDPI_IMAGES = YES;
				GENERATE_INFOPLIST_FILE = YES;
				LD_RUNPATH_SEARCH_PATHS = (
					"$(inherited)",
					"@executable_path/../Frameworks",
					"@loader_path/../Frameworks",
				);
				PRODUCT_BUNDLE_IDENTIFIER = com.applebridge.AppleBridgeTests;
				SDKROOT = macosx;
				TEST_HOST = "$(BUILT_PRODUCTS_DIR)/AppleBridge.app/Contents/MacOS/AppleBridge";
			};
			name = Release;
		};
		9C8EEF4AE3D9D1C38A85BE5C /* Release */ = {
			isa = XCBuildConfiguration;
			buildSettings = {
				ALWAYS_SEARCH_USER_PATHS = NO;
				ARCHS = arm64;
				CLANG_ANALYZER_NONNULL = YES;
				CLANG_ANALYZER_NUMBER_OBJECT_CONVERSION = YES_AGGRESSIVE;
				CLANG_CXX_LANGUAGE_STANDARD = "gnu++14";
				CLANG_CXX_LIBRARY = "libc++";
				CLANG_ENABLE_MODULES = YES;
				CLANG_ENABLE_OBJC_ARC = YES;
				CLANG_ENABLE_OBJC_WEAK = YES;
				CLANG_WARN_BLOCK_CAPTURE_AUTORELEASING = YES;
				CLANG_WARN_BOOL_CONVERSION = YES;
				CLANG_WARN_COMMA = YES;
				CLANG_WARN_CONSTANT_CONVERSION = YES;
				CLANG_WARN_DEPRECATED_OBJC_IMPLEMENTATIONS = YES;
				CLANG_WARN_DIRECT_OBJC_ISA_USAGE = YES_ERROR;
				CLANG_WARN_DOCUMENTATION_COMMENTS = YES;
				CLANG_WARN_EMPTY_BODY = YES;
				CLANG_WARN_ENUM_CONVERSION = YES;
				CLANG_WARN_INFINITE_RECURSION = YES;
				CLANG_WARN_INT_CONVERSION = YES;
				CLANG_WARN_NON_LITERAL_NULL_CONVERSION = YES;
				CLANG_WARN_OBJC_IMPLICIT_RETAIN_SELF = YES;
				CLANG_WARN_OBJC_LITERAL_CONVERSION = YES;
				CLANG_WARN_OBJC_ROOT_CLASS = YES_ERROR;
				CLANG_WARN_QUOTED_INCLUDE_IN_FRAMEWORK_HEADER = YES;
				CLANG_WARN_RANGE_LOOP_ANALYSIS = YES;
				CLANG_WARN_STRICT_PROTOTYPES = YES;
				CLANG_WARN_SUSPICIOUS_MOVE = YES;
				CLANG_WARN_UNGUARDED_AVAILABILITY = YES_AGGRESSIVE;
				CLANG_WARN_UNREACHABLE_CODE = YES;
				CLANG_WARN__DUPLICATE_METHOD_MATCH = YES;
				COPY_PHASE_STRIP = NO;
				DEBUG_INFORMATION_FORMAT = "dwarf-with-dsym";
				ENABLE_NS_ASSERTIONS = NO;
				ENABLE_STRICT_OBJC_MSGSEND = YES;
				EXCLUDED_ARCHS = x86_64;
				GCC_C_LANGUAGE_STANDARD = gnu11;
				GCC_NO_COMMON_BLOCKS = YES;
				GCC_WARN_64_TO_32_BIT_CONVERSION = YES;
				GCC_WARN_ABOUT_RETURN_TYPE = YES_ERROR;
				GCC_WARN_UNDECLARED_SELECTOR = YES;
				GCC_WARN_UNINITIALIZED_AUTOS = YES_AGGRESSIVE;
				GCC_WARN_UNUSED_FUNCTION = YES;
				GCC_WARN_UNUSED_VARIABLE = YES;
				MACOSX_DEPLOYMENT_TARGET = 26.0;
				MTL_ENABLE_DEBUG_INFO = NO;
				MTL_FAST_MATH = YES;
				PRODUCT_NAME = "$(TARGET_NAME)";
				SDKROOT = macosx;
				SWIFT_COMPILATION_MODE = wholemodule;
				SWIFT_OPTIMIZATION_LEVEL = "-O";
				SWIFT_STRICT_CONCURRENCY = complete;
				SWIFT_VERSION = 6.0;
			};
			name = Release;
		};
		B9A7C32F7370186580E99CAD /* Release */ = {
			isa = XCBuildConfiguration;
			buildSettings = {
				ASSETCATALOG_COMPILER_APPICON_NAME = AppIcon;
				COMBINE_HIDPI_IMAGES = YES;
				FRAMEWORK_SEARCH_PATHS = (
					"$(inherited)",
					"\"AppleBridgeCore\"",
				);
				GENERATE_INFOPLIST_FILE = YES;
				INFOPLIST_KEY_CFBundleDisplayName = "Apple Bridge";
				INFOPLIST_KEY_LSUIElement = YES;
				INFOPLIST_KEY_NSRemindersUsageDescription = "Apple Bridge needs access to your reminders to expose them through the local MCP bridge.";
				LD_RUNPATH_SEARCH_PATHS = (
					"$(inherited)",
					"@executable_path/../Frameworks",
				);
				PRODUCT_BUNDLE_IDENTIFIER = com.applebridge.AppleBridge;
				SDKROOT = macosx;
			};
			name = Release;
		};
		BA94BE3E7AB602F2A04D2DE4 /* Debug */ = {
			isa = XCBuildConfiguration;
			buildSettings = {
				ASSETCATALOG_COMPILER_APPICON_NAME = AppIcon;
				COMBINE_HIDPI_IMAGES = YES;
				FRAMEWORK_SEARCH_PATHS = (
					"$(inherited)",
					"\"AppleBridgeCore\"",
				);
				GENERATE_INFOPLIST_FILE = YES;
				INFOPLIST_KEY_CFBundleDisplayName = "Apple Bridge";
				INFOPLIST_KEY_LSUIElement = YES;
				INFOPLIST_KEY_NSRemindersUsageDescription = "Apple Bridge needs access to your reminders to expose them through the local MCP bridge.";
				LD_RUNPATH_SEARCH_PATHS = (
					"$(inherited)",
					"@executable_path/../Frameworks",
				);
				PRODUCT_BUNDLE_IDENTIFIER = com.applebridge.AppleBridge;
				SDKROOT = macosx;
			};
			name = Debug;
		};
/* End XCBuildConfiguration section */

/* Begin XCConfigurationList section */
		165D66E0903446C388CA258B /* Build configuration list for PBXNativeTarget "AppleBridgeTests" */ = {
			isa = XCConfigurationList;
			buildConfigurations = (
				25BD9B2889ECA2038F180B9B /* Debug */,
				62C720BB5C672974A6A3D628 /* Release */,
			);
			defaultConfigurationIsVisible = 0;
			defaultConfigurationName = Debug;
		};
		936AC568B359137E34DA637C /* Build configuration list for PBXNativeTarget "AppleBridge" */ = {
			isa = XCConfigurationList;
			buildConfigurations = (
				BA94BE3E7AB602F2A04D2DE4 /* Debug */,
				B9A7C32F7370186580E99CAD /* Release */,
			);
			defaultConfigurationIsVisible = 0;
			defaultConfigurationName = Debug;
		};
		D8F61000AFFF9D70507CD3D0 /* Build configuration list for PBXProject "AppleBridge" */ = {
			isa = XCConfigurationList;
			buildConfigurations = (
				4EF98069CB96C74FA95C1719 /* Debug */,
				9C8EEF4AE3D9D1C38A85BE5C /* Release */,
			);
			defaultConfigurationIsVisible = 0;
			defaultConfigurationName = Debug;
		};
/* End XCConfigurationList section */
	};
	rootObject = 0759E49E4001643275E5DB00 /* Project object */;
}
